// !$*UTF8*$!
{
	archiveVersion = 1;
	classes = {
	};
	objectVersion = 50;
	objects = {

/* Begin PBXBuildFile section */
		F3101C1F25DA3D2200080D2B /* ButtonStyles.swift in Sources */ = {isa = PBXBuildFile; fileRef = F3101C1E25DA3D2200080D2B /* ButtonStyles.swift */; };
		F3101C2025DA3D2200080D2B /* ButtonStyles.swift in Sources */ = {isa = PBXBuildFile; fileRef = F3101C1E25DA3D2200080D2B /* ButtonStyles.swift */; };
		F3101C2225DADABA00080D2B /* ButtonStyles+FilledCallToActionButton.swift in Sources */ = {isa = PBXBuildFile; fileRef = F3101C2125DADABA00080D2B /* ButtonStyles+FilledCallToActionButton.swift */; };
		F3101C2325DADABA00080D2B /* ButtonStyles+FilledCallToActionButton.swift in Sources */ = {isa = PBXBuildFile; fileRef = F3101C2125DADABA00080D2B /* ButtonStyles+FilledCallToActionButton.swift */; };
		F3101C2625DB112900080D2B /* FrameSizePreferenceKey.swift in Sources */ = {isa = PBXBuildFile; fileRef = F3101C2525DB112900080D2B /* FrameSizePreferenceKey.swift */; };
		F3101C2725DB112900080D2B /* FrameSizePreferenceKey.swift in Sources */ = {isa = PBXBuildFile; fileRef = F3101C2525DB112900080D2B /* FrameSizePreferenceKey.swift */; };
		F3101C2925DD9FB800080D2B /* AnimationOptions_ExerciseViewer+LoginFormView.swift in Sources */ = {isa = PBXBuildFile; fileRef = F3101C2825DD9FB700080D2B /* AnimationOptions_ExerciseViewer+LoginFormView.swift */; };
		F3101C2A25DD9FB800080D2B /* AnimationOptions_ExerciseViewer+LoginFormView.swift in Sources */ = {isa = PBXBuildFile; fileRef = F3101C2825DD9FB700080D2B /* AnimationOptions_ExerciseViewer+LoginFormView.swift */; };
		F3101C2D25DDA12D00080D2B /* AnimationOptions_ExerciseViewer+LoginFormView+ActionButtonsView.swift in Sources */ = {isa = PBXBuildFile; fileRef = F3101C2C25DDA12D00080D2B /* AnimationOptions_ExerciseViewer+LoginFormView+ActionButtonsView.swift */; };
		F3101C2E25DDA12D00080D2B /* AnimationOptions_ExerciseViewer+LoginFormView+ActionButtonsView.swift in Sources */ = {isa = PBXBuildFile; fileRef = F3101C2C25DDA12D00080D2B /* AnimationOptions_ExerciseViewer+LoginFormView+ActionButtonsView.swift */; };
		F3101C3025DDA6BD00080D2B /* AnimationOptions_ExerciseViewer+LoginFormView+InputFieldsView.swift in Sources */ = {isa = PBXBuildFile; fileRef = F3101C2F25DDA6BD00080D2B /* AnimationOptions_ExerciseViewer+LoginFormView+InputFieldsView.swift */; };
		F3101C3125DDA6BD00080D2B /* AnimationOptions_ExerciseViewer+LoginFormView+InputFieldsView.swift in Sources */ = {isa = PBXBuildFile; fileRef = F3101C2F25DDA6BD00080D2B /* AnimationOptions_ExerciseViewer+LoginFormView+InputFieldsView.swift */; };
		F340DE28256C8BB5006F245A /* RootView.swift in Sources */ = {isa = PBXBuildFile; fileRef = F340DE27256C8BB5006F245A /* RootView.swift */; };
		F340DE2B256C8BBA006F245A /* RootView.swift in Sources */ = {isa = PBXBuildFile; fileRef = F340DE27256C8BB5006F245A /* RootView.swift */; };
		F340E0FA256F6892006F245A /* TableOfContentsView.swift in Sources */ = {isa = PBXBuildFile; fileRef = F340E0F9256F6892006F245A /* TableOfContentsView.swift */; };
		F340E0FB256F6892006F245A /* TableOfContentsView.swift in Sources */ = {isa = PBXBuildFile; fileRef = F340E0F9256F6892006F245A /* TableOfContentsView.swift */; };
		F340E1132570B46F006F245A /* WelcomeView.swift in Sources */ = {isa = PBXBuildFile; fileRef = F340E1122570B46F006F245A /* WelcomeView.swift */; };
		F340E1142570B46F006F245A /* WelcomeView.swift in Sources */ = {isa = PBXBuildFile; fileRef = F340E1122570B46F006F245A /* WelcomeView.swift */; };
		F340E42B2571DBEF006F245A /* AnimationScopeViewer.swift in Sources */ = {isa = PBXBuildFile; fileRef = F340E42A2571DBEF006F245A /* AnimationScopeViewer.swift */; };
		F340E42C2571DBEF006F245A /* AnimationScopeViewer.swift in Sources */ = {isa = PBXBuildFile; fileRef = F340E42A2571DBEF006F245A /* AnimationScopeViewer.swift */; };
		F340E4322571E1FC006F245A /* Sequencing_WithAnimation_DispatchQueue_ExampleView2.swift in Sources */ = {isa = PBXBuildFile; fileRef = F340E4312571E1FC006F245A /* Sequencing_WithAnimation_DispatchQueue_ExampleView2.swift */; };
		F340E4332571E1FC006F245A /* Sequencing_WithAnimation_DispatchQueue_ExampleView2.swift in Sources */ = {isa = PBXBuildFile; fileRef = F340E4312571E1FC006F245A /* Sequencing_WithAnimation_DispatchQueue_ExampleView2.swift */; };
		F340E4372571E627006F245A /* ProgressBarView.swift in Sources */ = {isa = PBXBuildFile; fileRef = F340E4362571E627006F245A /* ProgressBarView.swift */; };
		F340E4382571E627006F245A /* ProgressBarView.swift in Sources */ = {isa = PBXBuildFile; fileRef = F340E4362571E627006F245A /* ProgressBarView.swift */; };
		F340E43C2571E635006F245A /* ProgressRingView.swift in Sources */ = {isa = PBXBuildFile; fileRef = F340E43B2571E635006F245A /* ProgressRingView.swift */; };
		F340E43D2571E635006F245A /* ProgressRingView.swift in Sources */ = {isa = PBXBuildFile; fileRef = F340E43B2571E635006F245A /* ProgressRingView.swift */; };
		F340E4432572E201006F245A /* Sequencing_WithAnimation_DispatchQueue_ExampleView1.swift in Sources */ = {isa = PBXBuildFile; fileRef = F340E4422572E201006F245A /* Sequencing_WithAnimation_DispatchQueue_ExampleView1.swift */; };
		F340E4442572E201006F245A /* Sequencing_WithAnimation_DispatchQueue_ExampleView1.swift in Sources */ = {isa = PBXBuildFile; fileRef = F340E4422572E201006F245A /* Sequencing_WithAnimation_DispatchQueue_ExampleView1.swift */; };
		F340E46225733723006F245A /* Sequencing_WithAnimation_Delay_ExampleView.swift in Sources */ = {isa = PBXBuildFile; fileRef = F340E46125733723006F245A /* Sequencing_WithAnimation_Delay_ExampleView.swift */; };
		F340E46325733723006F245A /* Sequencing_WithAnimation_Delay_ExampleView.swift in Sources */ = {isa = PBXBuildFile; fileRef = F340E46125733723006F245A /* Sequencing_WithAnimation_Delay_ExampleView.swift */; };
		F340E46925734CC2006F245A /* ButtonStyles+OutlinedCallToAction.swift in Sources */ = {isa = PBXBuildFile; fileRef = F340E46825734CC2006F245A /* ButtonStyles+OutlinedCallToAction.swift */; };
		F340E46A25734CC2006F245A /* ButtonStyles+OutlinedCallToAction.swift in Sources */ = {isa = PBXBuildFile; fileRef = F340E46825734CC2006F245A /* ButtonStyles+OutlinedCallToAction.swift */; };
		F340E58B25774BEF006F245A /* AnimationActionButton.swift in Sources */ = {isa = PBXBuildFile; fileRef = F340E58A25774BEF006F245A /* AnimationActionButton.swift */; };
		F340E58C25774BEF006F245A /* AnimationActionButton.swift in Sources */ = {isa = PBXBuildFile; fileRef = F340E58A25774BEF006F245A /* AnimationActionButton.swift */; };
		F345132025CBB5A900DFC971 /* ParentChild_Animation_Sequencing_ProblemExampleView.swift in Sources */ = {isa = PBXBuildFile; fileRef = F345131F25CBB5A900DFC971 /* ParentChild_Animation_Sequencing_ProblemExampleView.swift */; };
		F345132125CBB5A900DFC971 /* ParentChild_Animation_Sequencing_ProblemExampleView.swift in Sources */ = {isa = PBXBuildFile; fileRef = F345131F25CBB5A900DFC971 /* ParentChild_Animation_Sequencing_ProblemExampleView.swift */; };
		F345133A25CE291000DFC971 /* ScreenBannerViewModifier.swift in Sources */ = {isa = PBXBuildFile; fileRef = F345133825CE291000DFC971 /* ScreenBannerViewModifier.swift */; };
		F345133B25CE291000DFC971 /* ScreenBannerViewModifier.swift in Sources */ = {isa = PBXBuildFile; fileRef = F345133825CE291000DFC971 /* ScreenBannerViewModifier.swift */; };
		F345133C25CE291000DFC971 /* View+ScreenBanner.swift in Sources */ = {isa = PBXBuildFile; fileRef = F345133925CE291000DFC971 /* View+ScreenBanner.swift */; };
		F345133D25CE291000DFC971 /* View+ScreenBanner.swift in Sources */ = {isa = PBXBuildFile; fileRef = F345133925CE291000DFC971 /* View+ScreenBanner.swift */; };
		F345134A25CE426600DFC971 /* ScreenSectionDivider.swift in Sources */ = {isa = PBXBuildFile; fileRef = F345134925CE426600DFC971 /* ScreenSectionDivider.swift */; };
		F345134B25CE426600DFC971 /* ScreenSectionDivider.swift in Sources */ = {isa = PBXBuildFile; fileRef = F345134925CE426600DFC971 /* ScreenSectionDivider.swift */; };
		F345134F25CE44E800DFC971 /* ParentChild_Animation_Sequencing_Solution1View.swift in Sources */ = {isa = PBXBuildFile; fileRef = F345134E25CE44E800DFC971 /* ParentChild_Animation_Sequencing_Solution1View.swift */; };
		F345135025CE44E800DFC971 /* ParentChild_Animation_Sequencing_Solution1View.swift in Sources */ = {isa = PBXBuildFile; fileRef = F345134E25CE44E800DFC971 /* ParentChild_Animation_Sequencing_Solution1View.swift */; };
		F345135425CE484C00DFC971 /* ParentChild_Animation_Sequencing_Solution2View.swift in Sources */ = {isa = PBXBuildFile; fileRef = F345135325CE484C00DFC971 /* ParentChild_Animation_Sequencing_Solution2View.swift */; };
		F345135525CE484C00DFC971 /* ParentChild_Animation_Sequencing_Solution2View.swift in Sources */ = {isa = PBXBuildFile; fileRef = F345135325CE484C00DFC971 /* ParentChild_Animation_Sequencing_Solution2View.swift */; };
		F345135A25CF422C00DFC971 /* AnimationEnablingViewer.swift in Sources */ = {isa = PBXBuildFile; fileRef = F345135925CF422C00DFC971 /* AnimationEnablingViewer.swift */; };
		F345135B25CF422C00DFC971 /* AnimationEnablingViewer.swift in Sources */ = {isa = PBXBuildFile; fileRef = F345135925CF422C00DFC971 /* AnimationEnablingViewer.swift */; };
		F349064125D3971C00AF197C /* Phosphate.ttc in Resources */ = {isa = PBXBuildFile; fileRef = F349064025D3971C00AF197C /* Phosphate.ttc */; };
		F349064225D3971C00AF197C /* Phosphate.ttc in Resources */ = {isa = PBXBuildFile; fileRef = F349064025D3971C00AF197C /* Phosphate.ttc */; };
		F349064925D39D0E00AF197C /* CustomFonts.swift in Sources */ = {isa = PBXBuildFile; fileRef = F349064825D39D0E00AF197C /* CustomFonts.swift */; };
		F349064A25D39D0E00AF197C /* CustomFonts.swift in Sources */ = {isa = PBXBuildFile; fileRef = F349064825D39D0E00AF197C /* CustomFonts.swift */; };
		F349065825D39F8200AF197C /* AnimationOptions_ExerciseViewer.swift in Sources */ = {isa = PBXBuildFile; fileRef = F349065725D39F8200AF197C /* AnimationOptions_ExerciseViewer.swift */; };
		F349065925D39F8200AF197C /* AnimationOptions_ExerciseViewer.swift in Sources */ = {isa = PBXBuildFile; fileRef = F349065725D39F8200AF197C /* AnimationOptions_ExerciseViewer.swift */; };
		F349066025D3A10300AF197C /* CustomGradients.swift in Sources */ = {isa = PBXBuildFile; fileRef = F349065F25D3A10300AF197C /* CustomGradients.swift */; };
		F349066125D3A10300AF197C /* CustomGradients.swift in Sources */ = {isa = PBXBuildFile; fileRef = F349065F25D3A10300AF197C /* CustomGradients.swift */; };
		F34906AC25D761C700AF197C /* DebuggingViewModifier.swift in Sources */ = {isa = PBXBuildFile; fileRef = F34906AB25D761C700AF197C /* DebuggingViewModifier.swift */; };
		F34906AD25D761C700AF197C /* DebuggingViewModifier.swift in Sources */ = {isa = PBXBuildFile; fileRef = F34906AB25D761C700AF197C /* DebuggingViewModifier.swift */; };
		F360F1B6256B672C0026B4BB /* SwiftUIAnimationsMasteryPart2App.swift in Sources */ = {isa = PBXBuildFile; fileRef = F360F1A3256B67290026B4BB /* SwiftUIAnimationsMasteryPart2App.swift */; };
		F360F1B7256B672C0026B4BB /* SwiftUIAnimationsMasteryPart2App.swift in Sources */ = {isa = PBXBuildFile; fileRef = F360F1A3256B67290026B4BB /* SwiftUIAnimationsMasteryPart2App.swift */; };
		F360F1BA256B672C0026B4BB /* Assets.xcassets in Resources */ = {isa = PBXBuildFile; fileRef = F360F1A5256B672C0026B4BB /* Assets.xcassets */; };
		F360F1BB256B672C0026B4BB /* Assets.xcassets in Resources */ = {isa = PBXBuildFile; fileRef = F360F1A5256B672C0026B4BB /* Assets.xcassets */; };
		F3949F1425E22C5D008C0AB3 /* MaxWidthPreferenceKey.swift in Sources */ = {isa = PBXBuildFile; fileRef = F3949F1325E22C5D008C0AB3 /* MaxWidthPreferenceKey.swift */; };
		F3949F1525E22C5D008C0AB3 /* MaxWidthPreferenceKey.swift in Sources */ = {isa = PBXBuildFile; fileRef = F3949F1325E22C5D008C0AB3 /* MaxWidthPreferenceKey.swift */; };
		F39F85AA25CF8C8B007AF5B7 /* AnimationDurations.swift in Sources */ = {isa = PBXBuildFile; fileRef = F39F85A925CF8C8B007AF5B7 /* AnimationDurations.swift */; };
		F39F85AB25CF8C8B007AF5B7 /* AnimationDurations.swift in Sources */ = {isa = PBXBuildFile; fileRef = F39F85A925CF8C8B007AF5B7 /* AnimationDurations.swift */; };
		F39F85B325CF8FAC007AF5B7 /* AnimationEnabling_WatchingAValue_ExampleView.swift in Sources */ = {isa = PBXBuildFile; fileRef = F39F85B225CF8FAB007AF5B7 /* AnimationEnabling_WatchingAValue_ExampleView.swift */; };
		F39F85B425CF8FAC007AF5B7 /* AnimationEnabling_WatchingAValue_ExampleView.swift in Sources */ = {isa = PBXBuildFile; fileRef = F39F85B225CF8FAB007AF5B7 /* AnimationEnabling_WatchingAValue_ExampleView.swift */; };
		F39F85BA25D0D053007AF5B7 /* Colors.xcassets in Resources */ = {isa = PBXBuildFile; fileRef = F39F85B925D0D053007AF5B7 /* Colors.xcassets */; };
		F39F85BB25D0D053007AF5B7 /* Colors.xcassets in Resources */ = {isa = PBXBuildFile; fileRef = F39F85B925D0D053007AF5B7 /* Colors.xcassets */; };
		F39F85BF25D0D8E5007AF5B7 /* ConditionallyAppliedViewModifier.swift in Sources */ = {isa = PBXBuildFile; fileRef = F39F85BE25D0D8E5007AF5B7 /* ConditionallyAppliedViewModifier.swift */; };
		F39F85C025D0D8E5007AF5B7 /* ConditionallyAppliedViewModifier.swift in Sources */ = {isa = PBXBuildFile; fileRef = F39F85BE25D0D8E5007AF5B7 /* ConditionallyAppliedViewModifier.swift */; };
		F39F85C525D0EF11007AF5B7 /* Formatters.swift in Sources */ = {isa = PBXBuildFile; fileRef = F39F85C425D0EF11007AF5B7 /* Formatters.swift */; };
		F39F85C625D0EF11007AF5B7 /* Formatters.swift in Sources */ = {isa = PBXBuildFile; fileRef = F39F85C425D0EF11007AF5B7 /* Formatters.swift */; };
/* End PBXBuildFile section */

/* Begin PBXFileReference section */
		F3101C1E25DA3D2200080D2B /* ButtonStyles.swift */ = {isa = PBXFileReference; lastKnownFileType = sourcecode.swift; path = ButtonStyles.swift; sourceTree = "<group>"; };
		F3101C2125DADABA00080D2B /* ButtonStyles+FilledCallToActionButton.swift */ = {isa = PBXFileReference; lastKnownFileType = sourcecode.swift; path = "ButtonStyles+FilledCallToActionButton.swift"; sourceTree = "<group>"; };
		F3101C2525DB112900080D2B /* FrameSizePreferenceKey.swift */ = {isa = PBXFileReference; lastKnownFileType = sourcecode.swift; path = FrameSizePreferenceKey.swift; sourceTree = "<group>"; };
		F3101C2825DD9FB700080D2B /* AnimationOptions_ExerciseViewer+LoginFormView.swift */ = {isa = PBXFileReference; lastKnownFileType = sourcecode.swift; path = "AnimationOptions_ExerciseViewer+LoginFormView.swift"; sourceTree = "<group>"; };
		F3101C2C25DDA12D00080D2B /* AnimationOptions_ExerciseViewer+LoginFormView+ActionButtonsView.swift */ = {isa = PBXFileReference; lastKnownFileType = sourcecode.swift; path = "AnimationOptions_ExerciseViewer+LoginFormView+ActionButtonsView.swift"; sourceTree = "<group>"; };
		F3101C2F25DDA6BD00080D2B /* AnimationOptions_ExerciseViewer+LoginFormView+InputFieldsView.swift */ = {isa = PBXFileReference; lastKnownFileType = sourcecode.swift; path = "AnimationOptions_ExerciseViewer+LoginFormView+InputFieldsView.swift"; sourceTree = "<group>"; };
		F340DE27256C8BB5006F245A /* RootView.swift */ = {isa = PBXFileReference; lastKnownFileType = sourcecode.swift; path = RootView.swift; sourceTree = "<group>"; };
		F340E0F9256F6892006F245A /* TableOfContentsView.swift */ = {isa = PBXFileReference; lastKnownFileType = sourcecode.swift; path = TableOfContentsView.swift; sourceTree = "<group>"; };
		F340E1122570B46F006F245A /* WelcomeView.swift */ = {isa = PBXFileReference; lastKnownFileType = sourcecode.swift; path = WelcomeView.swift; sourceTree = "<group>"; };
		F340E42A2571DBEF006F245A /* AnimationScopeViewer.swift */ = {isa = PBXFileReference; lastKnownFileType = sourcecode.swift; path = AnimationScopeViewer.swift; sourceTree = "<group>"; };
		F340E4312571E1FC006F245A /* Sequencing_WithAnimation_DispatchQueue_ExampleView2.swift */ = {isa = PBXFileReference; lastKnownFileType = sourcecode.swift; path = Sequencing_WithAnimation_DispatchQueue_ExampleView2.swift; sourceTree = "<group>"; };
		F340E4362571E627006F245A /* ProgressBarView.swift */ = {isa = PBXFileReference; lastKnownFileType = sourcecode.swift; path = ProgressBarView.swift; sourceTree = "<group>"; };
		F340E43B2571E635006F245A /* ProgressRingView.swift */ = {isa = PBXFileReference; lastKnownFileType = sourcecode.swift; path = ProgressRingView.swift; sourceTree = "<group>"; };
		F340E4422572E201006F245A /* Sequencing_WithAnimation_DispatchQueue_ExampleView1.swift */ = {isa = PBXFileReference; lastKnownFileType = sourcecode.swift; path = Sequencing_WithAnimation_DispatchQueue_ExampleView1.swift; sourceTree = "<group>"; };
		F340E46125733723006F245A /* Sequencing_WithAnimation_Delay_ExampleView.swift */ = {isa = PBXFileReference; lastKnownFileType = sourcecode.swift; path = Sequencing_WithAnimation_Delay_ExampleView.swift; sourceTree = "<group>"; };
		F340E46825734CC2006F245A /* ButtonStyles+OutlinedCallToAction.swift */ = {isa = PBXFileReference; lastKnownFileType = sourcecode.swift; path = "ButtonStyles+OutlinedCallToAction.swift"; sourceTree = "<group>"; };
		F340E58A25774BEF006F245A /* AnimationActionButton.swift */ = {isa = PBXFileReference; lastKnownFileType = sourcecode.swift; path = AnimationActionButton.swift; sourceTree = "<group>"; };
		F345131F25CBB5A900DFC971 /* ParentChild_Animation_Sequencing_ProblemExampleView.swift */ = {isa = PBXFileReference; lastKnownFileType = sourcecode.swift; path = ParentChild_Animation_Sequencing_ProblemExampleView.swift; sourceTree = "<group>"; };
		F345133825CE291000DFC971 /* ScreenBannerViewModifier.swift */ = {isa = PBXFileReference; lastKnownFileType = sourcecode.swift; path = ScreenBannerViewModifier.swift; sourceTree = "<group>"; };
		F345133925CE291000DFC971 /* View+ScreenBanner.swift */ = {isa = PBXFileReference; lastKnownFileType = sourcecode.swift; path = "View+ScreenBanner.swift"; sourceTree = "<group>"; };
		F345134925CE426600DFC971 /* ScreenSectionDivider.swift */ = {isa = PBXFileReference; lastKnownFileType = sourcecode.swift; path = ScreenSectionDivider.swift; sourceTree = "<group>"; };
		F345134E25CE44E800DFC971 /* ParentChild_Animation_Sequencing_Solution1View.swift */ = {isa = PBXFileReference; fileEncoding = 4; lastKnownFileType = sourcecode.swift; path = ParentChild_Animation_Sequencing_Solution1View.swift; sourceTree = "<group>"; };
		F345135325CE484C00DFC971 /* ParentChild_Animation_Sequencing_Solution2View.swift */ = {isa = PBXFileReference; fileEncoding = 4; lastKnownFileType = sourcecode.swift; path = ParentChild_Animation_Sequencing_Solution2View.swift; sourceTree = "<group>"; };
		F345135925CF422C00DFC971 /* AnimationEnablingViewer.swift */ = {isa = PBXFileReference; lastKnownFileType = sourcecode.swift; path = AnimationEnablingViewer.swift; sourceTree = "<group>"; };
		F349064025D3971C00AF197C /* Phosphate.ttc */ = {isa = PBXFileReference; lastKnownFileType = file; path = Phosphate.ttc; sourceTree = "<group>"; };
		F349064825D39D0E00AF197C /* CustomFonts.swift */ = {isa = PBXFileReference; lastKnownFileType = sourcecode.swift; path = CustomFonts.swift; sourceTree = "<group>"; };
		F349065725D39F8200AF197C /* AnimationOptions_ExerciseViewer.swift */ = {isa = PBXFileReference; lastKnownFileType = sourcecode.swift; path = AnimationOptions_ExerciseViewer.swift; sourceTree = "<group>"; };
		F349065F25D3A10300AF197C /* CustomGradients.swift */ = {isa = PBXFileReference; lastKnownFileType = sourcecode.swift; path = CustomGradients.swift; sourceTree = "<group>"; };
		F34906AB25D761C700AF197C /* DebuggingViewModifier.swift */ = {isa = PBXFileReference; lastKnownFileType = sourcecode.swift; path = DebuggingViewModifier.swift; sourceTree = "<group>"; };
		F360F1A3256B67290026B4BB /* SwiftUIAnimationsMasteryPart2App.swift */ = {isa = PBXFileReference; lastKnownFileType = sourcecode.swift; path = SwiftUIAnimationsMasteryPart2App.swift; sourceTree = "<group>"; };
		F360F1A5256B672C0026B4BB /* Assets.xcassets */ = {isa = PBXFileReference; lastKnownFileType = folder.assetcatalog; path = Assets.xcassets; sourceTree = "<group>"; };
		F360F1AA256B672C0026B4BB /* SwiftUIAnimationsMasteryPart2.app */ = {isa = PBXFileReference; explicitFileType = wrapper.application; includeInIndex = 0; path = SwiftUIAnimationsMasteryPart2.app; sourceTree = BUILT_PRODUCTS_DIR; };
		F360F1AD256B672C0026B4BB /* Info.plist */ = {isa = PBXFileReference; lastKnownFileType = text.plist.xml; path = Info.plist; sourceTree = "<group>"; };
		F360F1B2256B672C0026B4BB /* SwiftUIAnimationsMasteryPart2.app */ = {isa = PBXFileReference; explicitFileType = wrapper.application; includeInIndex = 0; path = SwiftUIAnimationsMasteryPart2.app; sourceTree = BUILT_PRODUCTS_DIR; };
		F360F1B4256B672C0026B4BB /* Info.plist */ = {isa = PBXFileReference; lastKnownFileType = text.plist.xml; path = Info.plist; sourceTree = "<group>"; };
		F360F1B5256B672C0026B4BB /* macOS.entitlements */ = {isa = PBXFileReference; lastKnownFileType = text.plist.entitlements; path = macOS.entitlements; sourceTree = "<group>"; };
		F3949F1325E22C5D008C0AB3 /* MaxWidthPreferenceKey.swift */ = {isa = PBXFileReference; lastKnownFileType = sourcecode.swift; path = MaxWidthPreferenceKey.swift; sourceTree = "<group>"; };
		F39F85A925CF8C8B007AF5B7 /* AnimationDurations.swift */ = {isa = PBXFileReference; lastKnownFileType = sourcecode.swift; path = AnimationDurations.swift; sourceTree = "<group>"; };
		F39F85B225CF8FAB007AF5B7 /* AnimationEnabling_WatchingAValue_ExampleView.swift */ = {isa = PBXFileReference; lastKnownFileType = sourcecode.swift; path = AnimationEnabling_WatchingAValue_ExampleView.swift; sourceTree = "<group>"; };
		F39F85B925D0D053007AF5B7 /* Colors.xcassets */ = {isa = PBXFileReference; lastKnownFileType = folder.assetcatalog; path = Colors.xcassets; sourceTree = "<group>"; };
		F39F85BE25D0D8E5007AF5B7 /* ConditionallyAppliedViewModifier.swift */ = {isa = PBXFileReference; fileEncoding = 4; lastKnownFileType = sourcecode.swift; path = ConditionallyAppliedViewModifier.swift; sourceTree = "<group>"; };
		F39F85C425D0EF11007AF5B7 /* Formatters.swift */ = {isa = PBXFileReference; lastKnownFileType = sourcecode.swift; path = Formatters.swift; sourceTree = "<group>"; };
/* End PBXFileReference section */

/* Begin PBXFrameworksBuildPhase section */
		F360F1A7256B672C0026B4BB /* Frameworks */ = {
			isa = PBXFrameworksBuildPhase;
			buildActionMask = 2147483647;
			files = (
			);
			runOnlyForDeploymentPostprocessing = 0;
		};
		F360F1AF256B672C0026B4BB /* Frameworks */ = {
			isa = PBXFrameworksBuildPhase;
			buildActionMask = 2147483647;
			files = (
			);
			runOnlyForDeploymentPostprocessing = 0;
		};
/* End PBXFrameworksBuildPhase section */

/* Begin PBXGroup section */
		F3101C2425DB110A00080D2B /* View Preference Keys */ = {
			isa = PBXGroup;
			children = (
				F3101C2525DB112900080D2B /* FrameSizePreferenceKey.swift */,
				F3949F1325E22C5D008C0AB3 /* MaxWidthPreferenceKey.swift */,
			);
			path = "View Preference Keys";
			sourceTree = "<group>";
		};
		F3101C2B25DDA0FE00080D2B /* Login Form View */ = {
			isa = PBXGroup;
			children = (
				F3101C2825DD9FB700080D2B /* AnimationOptions_ExerciseViewer+LoginFormView.swift */,
				F3101C2F25DDA6BD00080D2B /* AnimationOptions_ExerciseViewer+LoginFormView+InputFieldsView.swift */,
				F3101C2C25DDA12D00080D2B /* AnimationOptions_ExerciseViewer+LoginFormView+ActionButtonsView.swift */,
			);
			path = "Login Form View";
			sourceTree = "<group>";
		};
		F340DE20256C8B73006F245A /* App */ = {
			isa = PBXGroup;
			children = (
			);
			path = App;
			sourceTree = "<group>";
		};
		F340DE21256C8B78006F245A /* Resources */ = {
			isa = PBXGroup;
			children = (
				F349063F25D3967700AF197C /* Fonts */,
				F360F1A5256B672C0026B4BB /* Assets.xcassets */,
				F39F85B925D0D053007AF5B7 /* Colors.xcassets */,
			);
			path = Resources;
			sourceTree = "<group>";
		};
		F340DE22256C8B7C006F245A /* Scene Views */ = {
			isa = PBXGroup;
			children = (
				F340DE27256C8BB5006F245A /* RootView.swift */,
				F340E0F9256F6892006F245A /* TableOfContentsView.swift */,
				F349064F25D39EFF00AF197C /* Animation Options */,
				F340E1122570B46F006F245A /* WelcomeView.swift */,
			);
			path = "Scene Views";
			sourceTree = "<group>";
		};
		F340DE23256C8B81006F245A /* View Components */ = {
			isa = PBXGroup;
			children = (
				F340E4362571E627006F245A /* ProgressBarView.swift */,
				F340E43B2571E635006F245A /* ProgressRingView.swift */,
				F345134925CE426600DFC971 /* ScreenSectionDivider.swift */,
				F340E58925774BE4006F245A /* Buttons */,
			);
			path = "View Components";
			sourceTree = "<group>";
		};
		F340DE24256C8B8D006F245A /* Misc Utils */ = {
			isa = PBXGroup;
			children = (
				F3101C2425DB110A00080D2B /* View Preference Keys */,
			);
			path = "Misc Utils";
			sourceTree = "<group>";
		};
		F340E4292571DBD5006F245A /* Animation Scope */ = {
			isa = PBXGroup;
			children = (
				F340E42A2571DBEF006F245A /* AnimationScopeViewer.swift */,
				F345131F25CBB5A900DFC971 /* ParentChild_Animation_Sequencing_ProblemExampleView.swift */,
				F345134E25CE44E800DFC971 /* ParentChild_Animation_Sequencing_Solution1View.swift */,
				F345135325CE484C00DFC971 /* ParentChild_Animation_Sequencing_Solution2View.swift */,
				F340E46125733723006F245A /* Sequencing_WithAnimation_Delay_ExampleView.swift */,
				F340E4422572E201006F245A /* Sequencing_WithAnimation_DispatchQueue_ExampleView1.swift */,
				F340E4312571E1FC006F245A /* Sequencing_WithAnimation_DispatchQueue_ExampleView2.swift */,
			);
			path = "Animation Scope";
			sourceTree = "<group>";
		};
		F340E46625734CA3006F245A /* Styling */ = {
			isa = PBXGroup;
			children = (
				F349065E25D3A0D900AF197C /* Gradients */,
				F349064725D39D0000AF197C /* Fonts */,
				F39F85A825CF8C60007AF5B7 /* Animations */,
				F340E46725734CA8006F245A /* Buttons */,
				F39F85C325D0EEEE007AF5B7 /* Formatters */,
			);
			path = Styling;
			sourceTree = "<group>";
		};
		F340E46725734CA8006F245A /* Buttons */ = {
			isa = PBXGroup;
			children = (
				F340E46825734CC2006F245A /* ButtonStyles+OutlinedCallToAction.swift */,
				F3101C2125DADABA00080D2B /* ButtonStyles+FilledCallToActionButton.swift */,
				F3101C1E25DA3D2200080D2B /* ButtonStyles.swift */,
			);
			path = Buttons;
			sourceTree = "<group>";
		};
		F340E58925774BE4006F245A /* Buttons */ = {
			isa = PBXGroup;
			children = (
				F340E58A25774BEF006F245A /* AnimationActionButton.swift */,
			);
			path = Buttons;
			sourceTree = "<group>";
		};
		F345133725CE28EC00DFC971 /* View Modifiers */ = {
			isa = PBXGroup;
			children = (
				F39F85BE25D0D8E5007AF5B7 /* ConditionallyAppliedViewModifier.swift */,
				F34906AA25D75FFF00AF197C /* Debugging */,
				F345134025CE291800DFC971 /* Screen Banner */,
			);
			path = "View Modifiers";
			sourceTree = "<group>";
		};
		F345134025CE291800DFC971 /* Screen Banner */ = {
			isa = PBXGroup;
			children = (
				F345133825CE291000DFC971 /* ScreenBannerViewModifier.swift */,
				F345133925CE291000DFC971 /* View+ScreenBanner.swift */,
			);
			path = "Screen Banner";
			sourceTree = "<group>";
		};
		F345135825CF420D00DFC971 /* Animation Enabling */ = {
			isa = PBXGroup;
			children = (
				F345135925CF422C00DFC971 /* AnimationEnablingViewer.swift */,
				F39F85B225CF8FAB007AF5B7 /* AnimationEnabling_WatchingAValue_ExampleView.swift */,
			);
			path = "Animation Enabling";
			sourceTree = "<group>";
		};
		F349063F25D3967700AF197C /* Fonts */ = {
			isa = PBXGroup;
			children = (
				F349064025D3971C00AF197C /* Phosphate.ttc */,
			);
			path = Fonts;
			sourceTree = "<group>";
		};
		F349064725D39D0000AF197C /* Fonts */ = {
			isa = PBXGroup;
			children = (
				F349064825D39D0E00AF197C /* CustomFonts.swift */,
			);
			path = Fonts;
			sourceTree = "<group>";
		};
		F349064F25D39EFF00AF197C /* Animation Options */ = {
			isa = PBXGroup;
			children = (
				F345135825CF420D00DFC971 /* Animation Enabling */,
				F340E4292571DBD5006F245A /* Animation Scope */,
				F349065425D39F4500AF197C /* Exercise */,
			);
			path = "Animation Options";
			sourceTree = "<group>";
		};
		F349065425D39F4500AF197C /* Exercise */ = {
			isa = PBXGroup;
			children = (
				F349065725D39F8200AF197C /* AnimationOptions_ExerciseViewer.swift */,
				F3101C2B25DDA0FE00080D2B /* Login Form View */,
			);
			path = Exercise;
			sourceTree = "<group>";
		};
		F349065E25D3A0D900AF197C /* Gradients */ = {
			isa = PBXGroup;
			children = (
				F349065F25D3A10300AF197C /* CustomGradients.swift */,
			);
			path = Gradients;
			sourceTree = "<group>";
		};
		F34906AA25D75FFF00AF197C /* Debugging */ = {
			isa = PBXGroup;
			children = (
				F34906AB25D761C700AF197C /* DebuggingViewModifier.swift */,
			);
			path = Debugging;
			sourceTree = "<group>";
		};
		F360F19D256B67290026B4BB = {
			isa = PBXGroup;
			children = (
				F360F1A2256B67290026B4BB /* Shared */,
				F360F1AC256B672C0026B4BB /* iOS */,
				F360F1B3256B672C0026B4BB /* macOS */,
				F360F1AB256B672C0026B4BB /* Products */,
			);
			sourceTree = "<group>";
		};
		F360F1A2256B67290026B4BB /* Shared */ = {
			isa = PBXGroup;
			children = (
				F360F1A3256B67290026B4BB /* SwiftUIAnimationsMasteryPart2App.swift */,
				F340DE20256C8B73006F245A /* App */,
				F340DE24256C8B8D006F245A /* Misc Utils */,
				F340DE21256C8B78006F245A /* Resources */,
				F340DE22256C8B7C006F245A /* Scene Views */,
				F340E46625734CA3006F245A /* Styling */,
				F340DE23256C8B81006F245A /* View Components */,
				F345133725CE28EC00DFC971 /* View Modifiers */,
			);
			path = Shared;
			sourceTree = "<group>";
		};
		F360F1AB256B672C0026B4BB /* Products */ = {
			isa = PBXGroup;
			children = (
				F360F1AA256B672C0026B4BB /* SwiftUIAnimationsMasteryPart2.app */,
				F360F1B2256B672C0026B4BB /* SwiftUIAnimationsMasteryPart2.app */,
			);
			name = Products;
			sourceTree = "<group>";
		};
		F360F1AC256B672C0026B4BB /* iOS */ = {
			isa = PBXGroup;
			children = (
				F360F1AD256B672C0026B4BB /* Info.plist */,
			);
			path = iOS;
			sourceTree = "<group>";
		};
		F360F1B3256B672C0026B4BB /* macOS */ = {
			isa = PBXGroup;
			children = (
				F360F1B4256B672C0026B4BB /* Info.plist */,
				F360F1B5256B672C0026B4BB /* macOS.entitlements */,
			);
			path = macOS;
			sourceTree = "<group>";
		};
		F39F85A825CF8C60007AF5B7 /* Animations */ = {
			isa = PBXGroup;
			children = (
				F39F85A925CF8C8B007AF5B7 /* AnimationDurations.swift */,
			);
			path = Animations;
			sourceTree = "<group>";
		};
		F39F85C325D0EEEE007AF5B7 /* Formatters */ = {
			isa = PBXGroup;
			children = (
				F39F85C425D0EF11007AF5B7 /* Formatters.swift */,
			);
			path = Formatters;
			sourceTree = "<group>";
		};
/* End PBXGroup section */

/* Begin PBXNativeTarget section */
		F360F1A9256B672C0026B4BB /* SwiftUIAnimationsMasteryPart2 (iOS) */ = {
			isa = PBXNativeTarget;
			buildConfigurationList = F360F1BE256B672C0026B4BB /* Build configuration list for PBXNativeTarget "SwiftUIAnimationsMasteryPart2 (iOS)" */;
			buildPhases = (
				F360F1A6256B672C0026B4BB /* Sources */,
				F360F1A7256B672C0026B4BB /* Frameworks */,
				F360F1A8256B672C0026B4BB /* Resources */,
			);
			buildRules = (
			);
			dependencies = (
			);
			name = "SwiftUIAnimationsMasteryPart2 (iOS)";
			productName = "SwiftUIAnimationsMasteryPart2 (iOS)";
			productReference = F360F1AA256B672C0026B4BB /* SwiftUIAnimationsMasteryPart2.app */;
			productType = "com.apple.product-type.application";
		};
		F360F1B1256B672C0026B4BB /* SwiftUIAnimationsMasteryPart2 (macOS) */ = {
			isa = PBXNativeTarget;
			buildConfigurationList = F360F1C1256B672C0026B4BB /* Build configuration list for PBXNativeTarget "SwiftUIAnimationsMasteryPart2 (macOS)" */;
			buildPhases = (
				F360F1AE256B672C0026B4BB /* Sources */,
				F360F1AF256B672C0026B4BB /* Frameworks */,
				F360F1B0256B672C0026B4BB /* Resources */,
			);
			buildRules = (
			);
			dependencies = (
			);
			name = "SwiftUIAnimationsMasteryPart2 (macOS)";
			productName = "SwiftUIAnimationsMasteryPart2 (macOS)";
			productReference = F360F1B2256B672C0026B4BB /* SwiftUIAnimationsMasteryPart2.app */;
			productType = "com.apple.product-type.application";
		};
/* End PBXNativeTarget section */

/* Begin PBXProject section */
		F360F19E256B67290026B4BB /* Project object */ = {
			isa = PBXProject;
			attributes = {
				LastSwiftUpdateCheck = 1230;
				LastUpgradeCheck = 1230;
				TargetAttributes = {
					F360F1A9256B672C0026B4BB = {
						CreatedOnToolsVersion = 12.3;
					};
					F360F1B1256B672C0026B4BB = {
						CreatedOnToolsVersion = 12.3;
					};
				};
			};
			buildConfigurationList = F360F1A1256B67290026B4BB /* Build configuration list for PBXProject "SwiftUIAnimationsMasteryPart2" */;
			compatibilityVersion = "Xcode 9.3";
			developmentRegion = en;
			hasScannedForEncodings = 0;
			knownRegions = (
				en,
				Base,
			);
			mainGroup = F360F19D256B67290026B4BB;
			productRefGroup = F360F1AB256B672C0026B4BB /* Products */;
			projectDirPath = "";
			projectRoot = "";
			targets = (
				F360F1A9256B672C0026B4BB /* SwiftUIAnimationsMasteryPart2 (iOS) */,
				F360F1B1256B672C0026B4BB /* SwiftUIAnimationsMasteryPart2 (macOS) */,
			);
		};
/* End PBXProject section */

/* Begin PBXResourcesBuildPhase section */
		F360F1A8256B672C0026B4BB /* Resources */ = {
			isa = PBXResourcesBuildPhase;
			buildActionMask = 2147483647;
			files = (
				F360F1BA256B672C0026B4BB /* Assets.xcassets in Resources */,
				F39F85BA25D0D053007AF5B7 /* Colors.xcassets in Resources */,
				F349064125D3971C00AF197C /* Phosphate.ttc in Resources */,
			);
			runOnlyForDeploymentPostprocessing = 0;
		};
		F360F1B0256B672C0026B4BB /* Resources */ = {
			isa = PBXResourcesBuildPhase;
			buildActionMask = 2147483647;
			files = (
				F360F1BB256B672C0026B4BB /* Assets.xcassets in Resources */,
				F39F85BB25D0D053007AF5B7 /* Colors.xcassets in Resources */,
				F349064225D3971C00AF197C /* Phosphate.ttc in Resources */,
			);
			runOnlyForDeploymentPostprocessing = 0;
		};
/* End PBXResourcesBuildPhase section */

/* Begin PBXSourcesBuildPhase section */
		F360F1A6256B672C0026B4BB /* Sources */ = {
			isa = PBXSourcesBuildPhase;
			buildActionMask = 2147483647;
			files = (
				F340E4322571E1FC006F245A /* Sequencing_WithAnimation_DispatchQueue_ExampleView2.swift in Sources */,
				F3101C2225DADABA00080D2B /* ButtonStyles+FilledCallToActionButton.swift in Sources */,
				F340E43C2571E635006F245A /* ProgressRingView.swift in Sources */,
				F3101C3025DDA6BD00080D2B /* AnimationOptions_ExerciseViewer+LoginFormView+InputFieldsView.swift in Sources */,
				F340DE28256C8BB5006F245A /* RootView.swift in Sources */,
				F34906AC25D761C700AF197C /* DebuggingViewModifier.swift in Sources */,
				F39F85C525D0EF11007AF5B7 /* Formatters.swift in Sources */,
				F345132025CBB5A900DFC971 /* ParentChild_Animation_Sequencing_ProblemExampleView.swift in Sources */,
				F340E4432572E201006F245A /* Sequencing_WithAnimation_DispatchQueue_ExampleView1.swift in Sources */,
				F340E46225733723006F245A /* Sequencing_WithAnimation_Delay_ExampleView.swift in Sources */,
				F3949F1425E22C5D008C0AB3 /* MaxWidthPreferenceKey.swift in Sources */,
				F3101C2625DB112900080D2B /* FrameSizePreferenceKey.swift in Sources */,
				F345135425CE484C00DFC971 /* ParentChild_Animation_Sequencing_Solution2View.swift in Sources */,
				F349066025D3A10300AF197C /* CustomGradients.swift in Sources */,
				F39F85AA25CF8C8B007AF5B7 /* AnimationDurations.swift in Sources */,
				F349064925D39D0E00AF197C /* CustomFonts.swift in Sources */,
				F360F1B6256B672C0026B4BB /* SwiftUIAnimationsMasteryPart2App.swift in Sources */,
				F39F85BF25D0D8E5007AF5B7 /* ConditionallyAppliedViewModifier.swift in Sources */,
				F345135A25CF422C00DFC971 /* AnimationEnablingViewer.swift in Sources */,
				F345134A25CE426600DFC971 /* ScreenSectionDivider.swift in Sources */,
				F345134F25CE44E800DFC971 /* ParentChild_Animation_Sequencing_Solution1View.swift in Sources */,
				F340E42B2571DBEF006F245A /* AnimationScopeViewer.swift in Sources */,
				F349065825D39F8200AF197C /* AnimationOptions_ExerciseViewer.swift in Sources */,
				F340E0FA256F6892006F245A /* TableOfContentsView.swift in Sources */,
				F340E1132570B46F006F245A /* WelcomeView.swift in Sources */,
				F39F85B325CF8FAC007AF5B7 /* AnimationEnabling_WatchingAValue_ExampleView.swift in Sources */,
				F345133A25CE291000DFC971 /* ScreenBannerViewModifier.swift in Sources */,
				F340E4372571E627006F245A /* ProgressBarView.swift in Sources */,
				F340E46925734CC2006F245A /* ButtonStyles+OutlinedCallToAction.swift in Sources */,
				F3101C2D25DDA12D00080D2B /* AnimationOptions_ExerciseViewer+LoginFormView+ActionButtonsView.swift in Sources */,
				F3101C1F25DA3D2200080D2B /* ButtonStyles.swift in Sources */,
				F345133C25CE291000DFC971 /* View+ScreenBanner.swift in Sources */,
				F340E58B25774BEF006F245A /* AnimationActionButton.swift in Sources */,
				F3101C2925DD9FB800080D2B /* AnimationOptions_ExerciseViewer+LoginFormView.swift in Sources */,
			);
			runOnlyForDeploymentPostprocessing = 0;
		};
		F360F1AE256B672C0026B4BB /* Sources */ = {
			isa = PBXSourcesBuildPhase;
			buildActionMask = 2147483647;
			files = (
				F340E4332571E1FC006F245A /* Sequencing_WithAnimation_DispatchQueue_ExampleView2.swift in Sources */,
				F3101C2325DADABA00080D2B /* ButtonStyles+FilledCallToActionButton.swift in Sources */,
				F340E43D2571E635006F245A /* ProgressRingView.swift in Sources */,
				F3101C3125DDA6BD00080D2B /* AnimationOptions_ExerciseViewer+LoginFormView+InputFieldsView.swift in Sources */,
				F340DE2B256C8BBA006F245A /* RootView.swift in Sources */,
				F34906AD25D761C700AF197C /* DebuggingViewModifier.swift in Sources */,
				F39F85C625D0EF11007AF5B7 /* Formatters.swift in Sources */,
				F345132125CBB5A900DFC971 /* ParentChild_Animation_Sequencing_ProblemExampleView.swift in Sources */,
				F340E4442572E201006F245A /* Sequencing_WithAnimation_DispatchQueue_ExampleView1.swift in Sources */,
				F340E46325733723006F245A /* Sequencing_WithAnimation_Delay_ExampleView.swift in Sources */,
				F3949F1525E22C5D008C0AB3 /* MaxWidthPreferenceKey.swift in Sources */,
				F3101C2725DB112900080D2B /* FrameSizePreferenceKey.swift in Sources */,
				F345135525CE484C00DFC971 /* ParentChild_Animation_Sequencing_Solution2View.swift in Sources */,
				F349066125D3A10300AF197C /* CustomGradients.swift in Sources */,
				F39F85AB25CF8C8B007AF5B7 /* AnimationDurations.swift in Sources */,
				F349064A25D39D0E00AF197C /* CustomFonts.swift in Sources */,
				F360F1B7256B672C0026B4BB /* SwiftUIAnimationsMasteryPart2App.swift in Sources */,
				F39F85C025D0D8E5007AF5B7 /* ConditionallyAppliedViewModifier.swift in Sources */,
				F345135B25CF422C00DFC971 /* AnimationEnablingViewer.swift in Sources */,
				F345134B25CE426600DFC971 /* ScreenSectionDivider.swift in Sources */,
				F345135025CE44E800DFC971 /* ParentChild_Animation_Sequencing_Solution1View.swift in Sources */,
				F340E42C2571DBEF006F245A /* AnimationScopeViewer.swift in Sources */,
				F349065925D39F8200AF197C /* AnimationOptions_ExerciseViewer.swift in Sources */,
				F340E0FB256F6892006F245A /* TableOfContentsView.swift in Sources */,
				F340E1142570B46F006F245A /* WelcomeView.swift in Sources */,
				F39F85B425CF8FAC007AF5B7 /* AnimationEnabling_WatchingAValue_ExampleView.swift in Sources */,
				F345133B25CE291000DFC971 /* ScreenBannerViewModifier.swift in Sources */,
				F340E4382571E627006F245A /* ProgressBarView.swift in Sources */,
				F340E46A25734CC2006F245A /* ButtonStyles+OutlinedCallToAction.swift in Sources */,
				F3101C2E25DDA12D00080D2B /* AnimationOptions_ExerciseViewer+LoginFormView+ActionButtonsView.swift in Sources */,
				F3101C2025DA3D2200080D2B /* ButtonStyles.swift in Sources */,
				F345133D25CE291000DFC971 /* View+ScreenBanner.swift in Sources */,
				F340E58C25774BEF006F245A /* AnimationActionButton.swift in Sources */,
				F3101C2A25DD9FB800080D2B /* AnimationOptions_ExerciseViewer+LoginFormView.swift in Sources */,
			);
			runOnlyForDeploymentPostprocessing = 0;
		};
/* End PBXSourcesBuildPhase section */

/* Begin XCBuildConfiguration section */
		F360F1BC256B672C0026B4BB /* Debug */ = {
			isa = XCBuildConfiguration;
			buildSettings = {
				ALWAYS_SEARCH_USER_PATHS = NO;
				CLANG_ANALYZER_NONNULL = YES;
				CLANG_ANALYZER_NUMBER_OBJECT_CONVERSION = YES_AGGRESSIVE;
				CLANG_CXX_LANGUAGE_STANDARD = "gnu++14";
				CLANG_CXX_LIBRARY = "libc++";
				CLANG_ENABLE_MODULES = YES;
				CLANG_ENABLE_OBJC_ARC = YES;
				CLANG_ENABLE_OBJC_WEAK = YES;
				CLANG_WARN_BLOCK_CAPTURE_AUTORELEASING = YES;
				CLANG_WARN_BOOL_CONVERSION = YES;
				CLANG_WARN_COMMA = YES;
				CLANG_WARN_CONSTANT_CONVERSION = YES;
				CLANG_WARN_DEPRECATED_OBJC_IMPLEMENTATIONS = YES;
				CLANG_WARN_DIRECT_OBJC_ISA_USAGE = YES_ERROR;
				CLANG_WARN_DOCUMENTATION_COMMENTS = YES;
				CLANG_WARN_EMPTY_BODY = YES;
				CLANG_WARN_ENUM_CONVERSION = YES;
				CLANG_WARN_INFINITE_RECURSION = YES;
				CLANG_WARN_INT_CONVERSION = YES;
				CLANG_WARN_NON_LITERAL_NULL_CONVERSION = YES;
				CLANG_WARN_OBJC_IMPLICIT_RETAIN_SELF = YES;
				CLANG_WARN_OBJC_LITERAL_CONVERSION = YES;
				CLANG_WARN_OBJC_ROOT_CLASS = YES_ERROR;
				CLANG_WARN_QUOTED_INCLUDE_IN_FRAMEWORK_HEADER = YES;
				CLANG_WARN_RANGE_LOOP_ANALYSIS = YES;
				CLANG_WARN_STRICT_PROTOTYPES = YES;
				CLANG_WARN_SUSPICIOUS_MOVE = YES;
				CLANG_WARN_UNGUARDED_AVAILABILITY = YES_AGGRESSIVE;
				CLANG_WARN_UNREACHABLE_CODE = YES;
				CLANG_WARN__DUPLICATE_METHOD_MATCH = YES;
				COPY_PHASE_STRIP = NO;
				DEBUG_INFORMATION_FORMAT = dwarf;
				ENABLE_STRICT_OBJC_MSGSEND = YES;
				ENABLE_TESTABILITY = YES;
				GCC_C_LANGUAGE_STANDARD = gnu11;
				GCC_DYNAMIC_NO_PIC = NO;
				GCC_NO_COMMON_BLOCKS = YES;
				GCC_OPTIMIZATION_LEVEL = 0;
				GCC_PREPROCESSOR_DEFINITIONS = (
					"DEBUG=1",
					"$(inherited)",
				);
				GCC_WARN_64_TO_32_BIT_CONVERSION = YES;
				GCC_WARN_ABOUT_RETURN_TYPE = YES_ERROR;
				GCC_WARN_UNDECLARED_SELECTOR = YES;
				GCC_WARN_UNINITIALIZED_AUTOS = YES_AGGRESSIVE;
				GCC_WARN_UNUSED_FUNCTION = YES;
				GCC_WARN_UNUSED_VARIABLE = YES;
				MTL_ENABLE_DEBUG_INFO = INCLUDE_SOURCE;
				MTL_FAST_MATH = YES;
				ONLY_ACTIVE_ARCH = YES;
				SWIFT_ACTIVE_COMPILATION_CONDITIONS = DEBUG;
				SWIFT_OPTIMIZATION_LEVEL = "-Onone";
			};
			name = Debug;
		};
		F360F1BD256B672C0026B4BB /* Release */ = {
			isa = XCBuildConfiguration;
			buildSettings = {
				ALWAYS_SEARCH_USER_PATHS = NO;
				CLANG_ANALYZER_NONNULL = YES;
				CLANG_ANALYZER_NUMBER_OBJECT_CONVERSION = YES_AGGRESSIVE;
				CLANG_CXX_LANGUAGE_STANDARD = "gnu++14";
				CLANG_CXX_LIBRARY = "libc++";
				CLANG_ENABLE_MODULES = YES;
				CLANG_ENABLE_OBJC_ARC = YES;
				CLANG_ENABLE_OBJC_WEAK = YES;
				CLANG_WARN_BLOCK_CAPTURE_AUTORELEASING = YES;
				CLANG_WARN_BOOL_CONVERSION = YES;
				CLANG_WARN_COMMA = YES;
				CLANG_WARN_CONSTANT_CONVERSION = YES;
				CLANG_WARN_DEPRECATED_OBJC_IMPLEMENTATIONS = YES;
				CLANG_WARN_DIRECT_OBJC_ISA_USAGE = YES_ERROR;
				CLANG_WARN_DOCUMENTATION_COMMENTS = YES;
				CLANG_WARN_EMPTY_BODY = YES;
				CLANG_WARN_ENUM_CONVERSION = YES;
				CLANG_WARN_INFINITE_RECURSION = YES;
				CLANG_WARN_INT_CONVERSION = YES;
				CLANG_WARN_NON_LITERAL_NULL_CONVERSION = YES;
				CLANG_WARN_OBJC_IMPLICIT_RETAIN_SELF = YES;
				CLANG_WARN_OBJC_LITERAL_CONVERSION = YES;
				CLANG_WARN_OBJC_ROOT_CLASS = YES_ERROR;
				CLANG_WARN_QUOTED_INCLUDE_IN_FRAMEWORK_HEADER = YES;
				CLANG_WARN_RANGE_LOOP_ANALYSIS = YES;
				CLANG_WARN_STRICT_PROTOTYPES = YES;
				CLANG_WARN_SUSPICIOUS_MOVE = YES;
				CLANG_WARN_UNGUARDED_AVAILABILITY = YES_AGGRESSIVE;
				CLANG_WARN_UNREACHABLE_CODE = YES;
				CLANG_WARN__DUPLICATE_METHOD_MATCH = YES;
				COPY_PHASE_STRIP = NO;
				DEBUG_INFORMATION_FORMAT = "dwarf-with-dsym";
				ENABLE_NS_ASSERTIONS = NO;
				ENABLE_STRICT_OBJC_MSGSEND = YES;
				GCC_C_LANGUAGE_STANDARD = gnu11;
				GCC_NO_COMMON_BLOCKS = YES;
				GCC_WARN_64_TO_32_BIT_CONVERSION = YES;
				GCC_WARN_ABOUT_RETURN_TYPE = YES_ERROR;
				GCC_WARN_UNDECLARED_SELECTOR = YES;
				GCC_WARN_UNINITIALIZED_AUTOS = YES_AGGRESSIVE;
				GCC_WARN_UNUSED_FUNCTION = YES;
				GCC_WARN_UNUSED_VARIABLE = YES;
				MTL_ENABLE_DEBUG_INFO = NO;
				MTL_FAST_MATH = YES;
				SWIFT_COMPILATION_MODE = wholemodule;
				SWIFT_OPTIMIZATION_LEVEL = "-O";
			};
			name = Release;
		};
		F360F1BF256B672C0026B4BB /* Debug */ = {
			isa = XCBuildConfiguration;
			buildSettings = {
				ASSETCATALOG_COMPILER_APPICON_NAME = AppIcon;
				ASSETCATALOG_COMPILER_GLOBAL_ACCENT_COLOR_NAME = AccentColor;
				CODE_SIGN_STYLE = Automatic;
				DEVELOPMENT_TEAM = QRXXH2RKAG;
				ENABLE_PREVIEWS = YES;
				INFOPLIST_FILE = iOS/Info.plist;
				IPHONEOS_DEPLOYMENT_TARGET = 14.0;
				LD_RUNPATH_SEARCH_PATHS = (
					"$(inherited)",
					"@executable_path/Frameworks",
				);
				PRODUCT_BUNDLE_IDENTIFIER = io.github.CypherPoet.SwiftUIAnimationsMasteryPart2;
				PRODUCT_NAME = SwiftUIAnimationsMasteryPart2;
				SDKROOT = iphoneos;
				SWIFT_VERSION = 5.0;
				TARGETED_DEVICE_FAMILY = "1,2";
			};
			name = Debug;
		};
		F360F1C0256B672C0026B4BB /* Release */ = {
			isa = XCBuildConfiguration;
			buildSettings = {
				ASSETCATALOG_COMPILER_APPICON_NAME = AppIcon;
				ASSETCATALOG_COMPILER_GLOBAL_ACCENT_COLOR_NAME = AccentColor;
				CODE_SIGN_STYLE = Automatic;
				DEVELOPMENT_TEAM = QRXXH2RKAG;
				ENABLE_PREVIEWS = YES;
				INFOPLIST_FILE = iOS/Info.plist;
				IPHONEOS_DEPLOYMENT_TARGET = 14.0;
				LD_RUNPATH_SEARCH_PATHS = (
					"$(inherited)",
					"@executable_path/Frameworks",
				);
				PRODUCT_BUNDLE_IDENTIFIER = io.github.CypherPoet.SwiftUIAnimationsMasteryPart2;
				PRODUCT_NAME = SwiftUIAnimationsMasteryPart2;
				SDKROOT = iphoneos;
				SWIFT_VERSION = 5.0;
				TARGETED_DEVICE_FAMILY = "1,2";
				VALIDATE_PRODUCT = YES;
			};
			name = Release;
		};
		F360F1C2256B672C0026B4BB /* Debug */ = {
			isa = XCBuildConfiguration;
			buildSettings = {
				ASSETCATALOG_COMPILER_APPICON_NAME = AppIcon;
				ASSETCATALOG_COMPILER_GLOBAL_ACCENT_COLOR_NAME = AccentColor;
				CODE_SIGN_ENTITLEMENTS = macOS/macOS.entitlements;
				CODE_SIGN_STYLE = Automatic;
				COMBINE_HIDPI_IMAGES = YES;
				DEVELOPMENT_TEAM = QRXXH2RKAG;
				ENABLE_HARDENED_RUNTIME = YES;
				ENABLE_PREVIEWS = YES;
				INFOPLIST_FILE = macOS/Info.plist;
				LD_RUNPATH_SEARCH_PATHS = (
					"$(inherited)",
					"@executable_path/../Frameworks",
				);
				MACOSX_DEPLOYMENT_TARGET = 11.0;
				PRODUCT_BUNDLE_IDENTIFIER = io.github.CypherPoet.SwiftUIAnimationsMasteryPart2;
				PRODUCT_NAME = SwiftUIAnimationsMasteryPart2;
				SDKROOT = macosx;
				SWIFT_VERSION = 5.0;
			};
			name = Debug;
		};
		F360F1C3256B672C0026B4BB /* Release */ = {
			isa = XCBuildConfiguration;
			buildSettings = {
				ASSETCATALOG_COMPILER_APPICON_NAME = AppIcon;
				ASSETCATALOG_COMPILER_GLOBAL_ACCENT_COLOR_NAME = AccentColor;
				CODE_SIGN_ENTITLEMENTS = macOS/macOS.entitlements;
				CODE_SIGN_STYLE = Automatic;
				COMBINE_HIDPI_IMAGES = YES;
				DEVELOPMENT_TEAM = QRXXH2RKAG;
				ENABLE_HARDENED_RUNTIME = YES;
				ENABLE_PREVIEWS = YES;
				INFOPLIST_FILE = macOS/Info.plist;
				LD_RUNPATH_SEARCH_PATHS = (
					"$(inherited)",
					"@executable_path/../Frameworks",
				);
				MACOSX_DEPLOYMENT_TARGET = 11.0;
				PRODUCT_BUNDLE_IDENTIFIER = io.github.CypherPoet.SwiftUIAnimationsMasteryPart2;
				PRODUCT_NAME = SwiftUIAnimationsMasteryPart2;
				SDKROOT = macosx;
				SWIFT_VERSION = 5.0;
			};
			name = Release;
		};
/* End XCBuildConfiguration section */

/* Begin XCConfigurationList section */
		F360F1A1256B67290026B4BB /* Build configuration list for PBXProject "SwiftUIAnimationsMasteryPart2" */ = {
			isa = XCConfigurationList;
			buildConfigurations = (
				F360F1BC256B672C0026B4BB /* Debug */,
				F360F1BD256B672C0026B4BB /* Release */,
			);
			defaultConfigurationIsVisible = 0;
			defaultConfigurationName = Release;
		};
		F360F1BE256B672C0026B4BB /* Build configuration list for PBXNativeTarget "SwiftUIAnimationsMasteryPart2 (iOS)" */ = {
			isa = XCConfigurationList;
			buildConfigurations = (
				F360F1BF256B672C0026B4BB /* Debug */,
				F360F1C0256B672C0026B4BB /* Release */,
			);
			defaultConfigurationIsVisible = 0;
			defaultConfigurationName = Release;
		};
		F360F1C1256B672C0026B4BB /* Build configuration list for PBXNativeTarget "SwiftUIAnimationsMasteryPart2 (macOS)" */ = {
			isa = XCConfigurationList;
			buildConfigurations = (
				F360F1C2256B672C0026B4BB /* Debug */,
				F360F1C3256B672C0026B4BB /* Release */,
			);
			defaultConfigurationIsVisible = 0;
			defaultConfigurationName = Release;
		};
/* End XCConfigurationList section */
	};
	rootObject = F360F19E256B67290026B4BB /* Project object */;
}
