{
  "object": {
    "pins": [
      {
        "package": "AnimatableGradients",
        "repositoryURL": "https://github.com/CypherPoet/AnimatableGradients.git",
        "state": {
          "branch": null,
          "revision": "b93cd731451e0b847b02eeb5e50061095e5c2562",
          "version": "0.1.0"
        }
      },
      {
        "package": "CypherPoetSwiftUIKit",
        "repositoryURL": "https://github.com/CypherPoet/CypherPoetSwiftUIKit.git",
        "state": {
          "branch": null,
          "revision": "74f6a5975d19853f8d2a93223b7e1b383a53609f",
          "version": "0.0.37"
        }
      }
    ]
  },
  "version": 1
}
