// !$*UTF8*$!
{
	archiveVersion = 1;
	classes = {
	};
	objectVersion = 52;
	objects = {

/* Begin PBXBuildFile section */
		F307B6F623F2E1C700FA264E /* BasicAnimations_CheckUnderstanding1.swift in Sources */ = {isa = PBXBuildFile; fileRef = F307B6F523F2E1C700FA264E /* BasicAnimations_CheckUnderstanding1.swift */; };
		F307B6F823F2E59300FA264E /* BasicAnimations_CheckUnderstanding2.swift in Sources */ = {isa = PBXBuildFile; fileRef = F307B6F723F2E59300FA264E /* BasicAnimations_CheckUnderstanding2.swift */; };
		F307B6FB23F313C400FA264E /* BasicAnimations_Challenge1.swift in Sources */ = {isa = PBXBuildFile; fileRef = F307B6FA23F313C400FA264E /* BasicAnimations_Challenge1.swift */; };
		F307B6FD23F314AD00FA264E /* BasicAnimations_Challenge1+LoginFormView.swift in Sources */ = {isa = PBXBuildFile; fileRef = F307B6FC23F314AD00FA264E /* BasicAnimations_Challenge1+LoginFormView.swift */; };
		F307B6FF23F31FC400FA264E /* BasicAnimations_Challenge2.swift in Sources */ = {isa = PBXBuildFile; fileRef = F307B6FE23F31FC400FA264E /* BasicAnimations_Challenge2.swift */; };
		F307B70123F3203A00FA264E /* BasicAnimations_Challenge2+MenuView.swift in Sources */ = {isa = PBXBuildFile; fileRef = F307B70023F3203A00FA264E /* BasicAnimations_Challenge2+MenuView.swift */; };
		F307B70523F34FAE00FA264E /* AnimationTriggers_Buttons.swift in Sources */ = {isa = PBXBuildFile; fileRef = F307B70423F34FAE00FA264E /* AnimationTriggers_Buttons.swift */; };
		F307B70723F487EF00FA264E /* AnimationTriggersContainerView.swift in Sources */ = {isa = PBXBuildFile; fileRef = F307B70623F487EF00FA264E /* AnimationTriggersContainerView.swift */; };
		F307B70923F48B4B00FA264E /* BasicAnimationsContainerView.swift in Sources */ = {isa = PBXBuildFile; fileRef = F307B70823F48B4B00FA264E /* BasicAnimationsContainerView.swift */; };
		F307B70B23F48C1100FA264E /* GettingStartedContainerView.swift in Sources */ = {isa = PBXBuildFile; fileRef = F307B70A23F48C1100FA264E /* GettingStartedContainerView.swift */; };
		F307B70D23F48E9300FA264E /* AnimationTriggers_SegmentedControls.swift in Sources */ = {isa = PBXBuildFile; fileRef = F307B70C23F48E9300FA264E /* AnimationTriggers_SegmentedControls.swift */; };
		F308BAAA23E8D97800CADEFE /* AppDelegate.swift in Sources */ = {isa = PBXBuildFile; fileRef = F308BAA923E8D97800CADEFE /* AppDelegate.swift */; };
		F308BAAC23E8D97800CADEFE /* SceneDelegate.swift in Sources */ = {isa = PBXBuildFile; fileRef = F308BAAB23E8D97800CADEFE /* SceneDelegate.swift */; };
		F308BAB023E8D97B00CADEFE /* Assets.xcassets in Resources */ = {isa = PBXBuildFile; fileRef = F308BAAF23E8D97B00CADEFE /* Assets.xcassets */; };
		F308BAB323E8D97B00CADEFE /* Preview Assets.xcassets in Resources */ = {isa = PBXBuildFile; fileRef = F308BAB223E8D97B00CADEFE /* Preview Assets.xcassets */; };
		F308BAC323E8D9FD00CADEFE /* RootView.swift in Sources */ = {isa = PBXBuildFile; fileRef = F308BAC223E8D9FD00CADEFE /* RootView.swift */; };
		F308BAC623E8DA1800CADEFE /* LaunchScreen.storyboard in Resources */ = {isa = PBXBuildFile; fileRef = F308BAC423E8DA1700CADEFE /* LaunchScreen.storyboard */; };
		F308BACE23E8E0B300CADEFE /* CypherPoetSwiftUIKit in Frameworks */ = {isa = PBXBuildFile; productRef = F308BACD23E8E0B300CADEFE /* CypherPoetSwiftUIKit */; };
		F308BAD123E8E11000CADEFE /* TitleTextStyle.swift in Sources */ = {isa = PBXBuildFile; fileRef = F308BAD023E8E11000CADEFE /* TitleTextStyle.swift */; };
		F308BAD423E8E15500CADEFE /* SubheadlineTextStyle.swift in Sources */ = {isa = PBXBuildFile; fileRef = F308BAD223E8E15500CADEFE /* SubheadlineTextStyle.swift */; };
		F308BAD723E8E1CA00CADEFE /* SubtitleTextStyle.swift in Sources */ = {isa = PBXBuildFile; fileRef = F308BAD623E8E1CA00CADEFE /* SubtitleTextStyle.swift */; };
		F308BAD923E8E25700CADEFE /* BannerTextView.swift in Sources */ = {isa = PBXBuildFile; fileRef = F308BAD823E8E25700CADEFE /* BannerTextView.swift */; };
		F308BADC23E9A1C300CADEFE /* GettingStarted_NoAnimationExample.swift in Sources */ = {isa = PBXBuildFile; fileRef = F308BADB23E9A1C300CADEFE /* GettingStarted_NoAnimationExample.swift */; };
		F308BADE23E9AE5C00CADEFE /* GettingStarted_WithAnimationExample.swift in Sources */ = {isa = PBXBuildFile; fileRef = F308BADD23E9AE5C00CADEFE /* GettingStarted_WithAnimationExample.swift */; };
		F308BAE223E9E5EE00CADEFE /* GettingStarted_CurvesExample.swift in Sources */ = {isa = PBXBuildFile; fileRef = F308BAE123E9E5EE00CADEFE /* GettingStarted_CurvesExample.swift */; };
		F321F77823F62A730059D5E9 /* AnimationTriggers_Sliders.swift in Sources */ = {isa = PBXBuildFile; fileRef = F321F77723F62A730059D5E9 /* AnimationTriggers_Sliders.swift */; };
		F321F7DF23F91D910059D5E9 /* AnimationTriggers_Steppers.swift in Sources */ = {isa = PBXBuildFile; fileRef = F321F7DE23F91D900059D5E9 /* AnimationTriggers_Steppers.swift */; };
		F321F7E123F924D30059D5E9 /* AnimationTriggers_Toggles.swift in Sources */ = {isa = PBXBuildFile; fileRef = F321F7E023F924D30059D5E9 /* AnimationTriggers_Toggles.swift */; };
		F3B48BD923EF94A00072FFA9 /* BasicAnimations_AnimatableProperties_Opacity.swift in Sources */ = {isa = PBXBuildFile; fileRef = F3B48BD823EF94A00072FFA9 /* BasicAnimations_AnimatableProperties_Opacity.swift */; };
		F3B48BDB23EF9EB30072FFA9 /* BasicAnimations_AnimatableProperties_RotationEffect.swift in Sources */ = {isa = PBXBuildFile; fileRef = F3B48BDA23EF9EB30072FFA9 /* BasicAnimations_AnimatableProperties_RotationEffect.swift */; };
		F3B48BDD23EFA3340072FFA9 /* BasicAnimations_AnimatableProperties_RotationEffectAnchors.swift in Sources */ = {isa = PBXBuildFile; fileRef = F3B48BDC23EFA3340072FFA9 /* BasicAnimations_AnimatableProperties_RotationEffectAnchors.swift */; };
		F3B48BDF23EFA59E0072FFA9 /* BasicAnimations_AnimatableProperties_Frame.swift in Sources */ = {isa = PBXBuildFile; fileRef = F3B48BDE23EFA59E0072FFA9 /* BasicAnimations_AnimatableProperties_Frame.swift */; };
		F3B48BE123EFBC150072FFA9 /* BasicAnimations_AnimatableProperties_ScaleEffect.swift in Sources */ = {isa = PBXBuildFile; fileRef = F3B48BE023EFBC150072FFA9 /* BasicAnimations_AnimatableProperties_ScaleEffect.swift */; };
		F3B48BE323F033140072FFA9 /* BasicAnimations_AnimatableProperties_TextResizing.swift in Sources */ = {isa = PBXBuildFile; fileRef = F3B48BE223F033140072FFA9 /* BasicAnimations_AnimatableProperties_TextResizing.swift */; };
		F3B48BE523F038610072FFA9 /* BasicAnimations_AnimatableProperties_Trim.swift in Sources */ = {isa = PBXBuildFile; fileRef = F3B48BE423F038610072FFA9 /* BasicAnimations_AnimatableProperties_Trim.swift */; };
		F3B48BE823F03DB30072FFA9 /* BasicAnimations_AnimatablePropertiesExercise.swift in Sources */ = {isa = PBXBuildFile; fileRef = F3B48BE723F03DB30072FFA9 /* BasicAnimations_AnimatablePropertiesExercise.swift */; };
		F3B6564323ECBC5A00959505 /* GettingStarted_Challenge1.swift in Sources */ = {isa = PBXBuildFile; fileRef = F3B6564223ECBC5900959505 /* GettingStarted_Challenge1.swift */; };
		F3B6564523ECEB0900959505 /* GettingStarted_Challenge2.swift in Sources */ = {isa = PBXBuildFile; fileRef = F3B6564423ECEB0900959505 /* GettingStarted_Challenge2.swift */; };
		F3B6564823ECF45C00959505 /* BasicAnimations_AnimatableProperties_Color.swift in Sources */ = {isa = PBXBuildFile; fileRef = F3B6564723ECF45C00959505 /* BasicAnimations_AnimatableProperties_Color.swift */; };
		F3B6564B23ED020E00959505 /* BasicAnimations_AnimatableProperties_HueRotation.swift in Sources */ = {isa = PBXBuildFile; fileRef = F3B6564A23ED020E00959505 /* BasicAnimations_AnimatableProperties_HueRotation.swift */; };
		F3B6564D23EE08E900959505 /* BasicAnimations_AnimatableProperties_Offset.swift in Sources */ = {isa = PBXBuildFile; fileRef = F3B6564C23EE08E900959505 /* BasicAnimations_AnimatableProperties_Offset.swift */; };
		F3B6565123EE885F00959505 /* BasicAnimations_AnimatableProperties_Alignment.swift in Sources */ = {isa = PBXBuildFile; fileRef = F3B6565023EE885F00959505 /* BasicAnimations_AnimatableProperties_Alignment.swift */; };
		F3B6565323EEC4FB00959505 /* BasicAnimations_AnimatableProperties_GeoemetryReaderPosition.swift in Sources */ = {isa = PBXBuildFile; fileRef = F3B6565223EEC4FA00959505 /* BasicAnimations_AnimatableProperties_GeoemetryReaderPosition.swift */; };
/* End PBXBuildFile section */

/* Begin PBXFileReference section */
		F307B6F523F2E1C700FA264E /* BasicAnimations_CheckUnderstanding1.swift */ = {isa = PBXFileReference; lastKnownFileType = sourcecode.swift; path = BasicAnimations_CheckUnderstanding1.swift; sourceTree = "<group>"; };
		F307B6F723F2E59300FA264E /* BasicAnimations_CheckUnderstanding2.swift */ = {isa = PBXFileReference; lastKnownFileType = sourcecode.swift; path = BasicAnimations_CheckUnderstanding2.swift; sourceTree = "<group>"; };
		F307B6FA23F313C400FA264E /* BasicAnimations_Challenge1.swift */ = {isa = PBXFileReference; lastKnownFileType = sourcecode.swift; path = BasicAnimations_Challenge1.swift; sourceTree = "<group>"; };
		F307B6FC23F314AD00FA264E /* BasicAnimations_Challenge1+LoginFormView.swift */ = {isa = PBXFileReference; lastKnownFileType = sourcecode.swift; path = "BasicAnimations_Challenge1+LoginFormView.swift"; sourceTree = "<group>"; };
		F307B6FE23F31FC400FA264E /* BasicAnimations_Challenge2.swift */ = {isa = PBXFileReference; lastKnownFileType = sourcecode.swift; path = BasicAnimations_Challenge2.swift; sourceTree = "<group>"; };
		F307B70023F3203A00FA264E /* BasicAnimations_Challenge2+MenuView.swift */ = {isa = PBXFileReference; lastKnownFileType = sourcecode.swift; path = "BasicAnimations_Challenge2+MenuView.swift"; sourceTree = "<group>"; };
		F307B70423F34FAE00FA264E /* AnimationTriggers_Buttons.swift */ = {isa = PBXFileReference; lastKnownFileType = sourcecode.swift; path = AnimationTriggers_Buttons.swift; sourceTree = "<group>"; };
		F307B70623F487EF00FA264E /* AnimationTriggersContainerView.swift */ = {isa = PBXFileReference; lastKnownFileType = sourcecode.swift; path = AnimationTriggersContainerView.swift; sourceTree = "<group>"; };
		F307B70823F48B4B00FA264E /* BasicAnimationsContainerView.swift */ = {isa = PBXFileReference; lastKnownFileType = sourcecode.swift; path = BasicAnimationsContainerView.swift; sourceTree = "<group>"; };
		F307B70A23F48C1100FA264E /* GettingStartedContainerView.swift */ = {isa = PBXFileReference; lastKnownFileType = sourcecode.swift; path = GettingStartedContainerView.swift; sourceTree = "<group>"; };
		F307B70C23F48E9300FA264E /* AnimationTriggers_SegmentedControls.swift */ = {isa = PBXFileReference; lastKnownFileType = sourcecode.swift; path = AnimationTriggers_SegmentedControls.swift; sourceTree = "<group>"; };
		F308BAA623E8D97800CADEFE /* SwiftUIAnimationsMastery.app */ = {isa = PBXFileReference; explicitFileType = wrapper.application; includeInIndex = 0; path = SwiftUIAnimationsMastery.app; sourceTree = BUILT_PRODUCTS_DIR; };
		F308BAA923E8D97800CADEFE /* AppDelegate.swift */ = {isa = PBXFileReference; lastKnownFileType = sourcecode.swift; path = AppDelegate.swift; sourceTree = "<group>"; };
		F308BAAB23E8D97800CADEFE /* SceneDelegate.swift */ = {isa = PBXFileReference; lastKnownFileType = sourcecode.swift; path = SceneDelegate.swift; sourceTree = "<group>"; };
		F308BAAF23E8D97B00CADEFE /* Assets.xcassets */ = {isa = PBXFileReference; lastKnownFileType = folder.assetcatalog; path = Assets.xcassets; sourceTree = "<group>"; };
		F308BAB223E8D97B00CADEFE /* Preview Assets.xcassets */ = {isa = PBXFileReference; lastKnownFileType = folder.assetcatalog; path = "Preview Assets.xcassets"; sourceTree = "<group>"; };
		F308BAB723E8D97B00CADEFE /* Info.plist */ = {isa = PBXFileReference; lastKnownFileType = text.plist.xml; path = Info.plist; sourceTree = "<group>"; };
		F308BAC223E8D9FD00CADEFE /* RootView.swift */ = {isa = PBXFileReference; lastKnownFileType = sourcecode.swift; path = RootView.swift; sourceTree = "<group>"; };
		F308BAC523E8DA1800CADEFE /* Base */ = {isa = PBXFileReference; lastKnownFileType = file.storyboard; name = Base; path = SwiftUIAnimationsMastery/Base.lproj/LaunchScreen.storyboard; sourceTree = SOURCE_ROOT; };
		F308BAD023E8E11000CADEFE /* TitleTextStyle.swift */ = {isa = PBXFileReference; lastKnownFileType = sourcecode.swift; path = TitleTextStyle.swift; sourceTree = "<group>"; };
		F308BAD223E8E15500CADEFE /* SubheadlineTextStyle.swift */ = {isa = PBXFileReference; lastKnownFileType = sourcecode.swift; path = SubheadlineTextStyle.swift; sourceTree = "<group>"; };
		F308BAD623E8E1CA00CADEFE /* SubtitleTextStyle.swift */ = {isa = PBXFileReference; lastKnownFileType = sourcecode.swift; path = SubtitleTextStyle.swift; sourceTree = "<group>"; };
		F308BAD823E8E25700CADEFE /* BannerTextView.swift */ = {isa = PBXFileReference; lastKnownFileType = sourcecode.swift; path = BannerTextView.swift; sourceTree = "<group>"; };
		F308BADB23E9A1C300CADEFE /* GettingStarted_NoAnimationExample.swift */ = {isa = PBXFileReference; lastKnownFileType = sourcecode.swift; path = GettingStarted_NoAnimationExample.swift; sourceTree = "<group>"; };
		F308BADD23E9AE5C00CADEFE /* GettingStarted_WithAnimationExample.swift */ = {isa = PBXFileReference; lastKnownFileType = sourcecode.swift; path = GettingStarted_WithAnimationExample.swift; sourceTree = "<group>"; };
		F308BAE123E9E5EE00CADEFE /* GettingStarted_CurvesExample.swift */ = {isa = PBXFileReference; lastKnownFileType = sourcecode.swift; path = GettingStarted_CurvesExample.swift; sourceTree = "<group>"; };
		F321F77723F62A730059D5E9 /* AnimationTriggers_Sliders.swift */ = {isa = PBXFileReference; lastKnownFileType = sourcecode.swift; path = AnimationTriggers_Sliders.swift; sourceTree = "<group>"; };
		F321F7DE23F91D900059D5E9 /* AnimationTriggers_Steppers.swift */ = {isa = PBXFileReference; lastKnownFileType = sourcecode.swift; path = AnimationTriggers_Steppers.swift; sourceTree = "<group>"; };
		F321F7E023F924D30059D5E9 /* AnimationTriggers_Toggles.swift */ = {isa = PBXFileReference; lastKnownFileType = sourcecode.swift; path = AnimationTriggers_Toggles.swift; sourceTree = "<group>"; };
		F3B48BD823EF94A00072FFA9 /* BasicAnimations_AnimatableProperties_Opacity.swift */ = {isa = PBXFileReference; lastKnownFileType = sourcecode.swift; path = BasicAnimations_AnimatableProperties_Opacity.swift; sourceTree = "<group>"; };
		F3B48BDA23EF9EB30072FFA9 /* BasicAnimations_AnimatableProperties_RotationEffect.swift */ = {isa = PBXFileReference; lastKnownFileType = sourcecode.swift; path = BasicAnimations_AnimatableProperties_RotationEffect.swift; sourceTree = "<group>"; };
		F3B48BDC23EFA3340072FFA9 /* BasicAnimations_AnimatableProperties_RotationEffectAnchors.swift */ = {isa = PBXFileReference; lastKnownFileType = sourcecode.swift; path = BasicAnimations_AnimatableProperties_RotationEffectAnchors.swift; sourceTree = "<group>"; };
		F3B48BDE23EFA59E0072FFA9 /* BasicAnimations_AnimatableProperties_Frame.swift */ = {isa = PBXFileReference; lastKnownFileType = sourcecode.swift; path = BasicAnimations_AnimatableProperties_Frame.swift; sourceTree = "<group>"; };
		F3B48BE023EFBC150072FFA9 /* BasicAnimations_AnimatableProperties_ScaleEffect.swift */ = {isa = PBXFileReference; lastKnownFileType = sourcecode.swift; path = BasicAnimations_AnimatableProperties_ScaleEffect.swift; sourceTree = "<group>"; };
		F3B48BE223F033140072FFA9 /* BasicAnimations_AnimatableProperties_TextResizing.swift */ = {isa = PBXFileReference; lastKnownFileType = sourcecode.swift; path = BasicAnimations_AnimatableProperties_TextResizing.swift; sourceTree = "<group>"; };
		F3B48BE423F038610072FFA9 /* BasicAnimations_AnimatableProperties_Trim.swift */ = {isa = PBXFileReference; lastKnownFileType = sourcecode.swift; path = BasicAnimations_AnimatableProperties_Trim.swift; sourceTree = "<group>"; };
		F3B48BE723F03DB30072FFA9 /* BasicAnimations_AnimatablePropertiesExercise.swift */ = {isa = PBXFileReference; lastKnownFileType = sourcecode.swift; path = BasicAnimations_AnimatablePropertiesExercise.swift; sourceTree = "<group>"; };
		F3B6564223ECBC5900959505 /* GettingStarted_Challenge1.swift */ = {isa = PBXFileReference; lastKnownFileType = sourcecode.swift; path = GettingStarted_Challenge1.swift; sourceTree = "<group>"; };
		F3B6564423ECEB0900959505 /* GettingStarted_Challenge2.swift */ = {isa = PBXFileReference; lastKnownFileType = sourcecode.swift; path = GettingStarted_Challenge2.swift; sourceTree = "<group>"; };
		F3B6564723ECF45C00959505 /* BasicAnimations_AnimatableProperties_Color.swift */ = {isa = PBXFileReference; lastKnownFileType = sourcecode.swift; path = BasicAnimations_AnimatableProperties_Color.swift; sourceTree = "<group>"; };
		F3B6564A23ED020E00959505 /* BasicAnimations_AnimatableProperties_HueRotation.swift */ = {isa = PBXFileReference; lastKnownFileType = sourcecode.swift; path = BasicAnimations_AnimatableProperties_HueRotation.swift; sourceTree = "<group>"; };
		F3B6564C23EE08E900959505 /* BasicAnimations_AnimatableProperties_Offset.swift */ = {isa = PBXFileReference; lastKnownFileType = sourcecode.swift; path = BasicAnimations_AnimatableProperties_Offset.swift; sourceTree = "<group>"; };
		F3B6565023EE885F00959505 /* BasicAnimations_AnimatableProperties_Alignment.swift */ = {isa = PBXFileReference; lastKnownFileType = sourcecode.swift; path = BasicAnimations_AnimatableProperties_Alignment.swift; sourceTree = "<group>"; };
		F3B6565223EEC4FA00959505 /* BasicAnimations_AnimatableProperties_GeoemetryReaderPosition.swift */ = {isa = PBXFileReference; lastKnownFileType = sourcecode.swift; path = BasicAnimations_AnimatableProperties_GeoemetryReaderPosition.swift; sourceTree = "<group>"; };
/* End PBXFileReference section */

/* Begin PBXFrameworksBuildPhase section */
		F308BAA323E8D97800CADEFE /* Frameworks */ = {
			isa = PBXFrameworksBuildPhase;
			buildActionMask = 2147483647;
			files = (
				F308BACE23E8E0B300CADEFE /* CypherPoetSwiftUIKit in Frameworks */,
			);
			runOnlyForDeploymentPostprocessing = 0;
		};
/* End PBXFrameworksBuildPhase section */

/* Begin PBXGroup section */
		F307B6F423F2E18800FA264E /* Check Understanding */ = {
			isa = PBXGroup;
			children = (
				F307B6F523F2E1C700FA264E /* BasicAnimations_CheckUnderstanding1.swift */,
				F307B6F723F2E59300FA264E /* BasicAnimations_CheckUnderstanding2.swift */,
			);
			path = "Check Understanding";
			sourceTree = "<group>";
		};
		F307B6F923F313B600FA264E /* Challenge */ = {
			isa = PBXGroup;
			children = (
				F307B6FA23F313C400FA264E /* BasicAnimations_Challenge1.swift */,
				F307B6FC23F314AD00FA264E /* BasicAnimations_Challenge1+LoginFormView.swift */,
				F307B6FE23F31FC400FA264E /* BasicAnimations_Challenge2.swift */,
				F307B70023F3203A00FA264E /* BasicAnimations_Challenge2+MenuView.swift */,
			);
			path = Challenge;
			sourceTree = "<group>";
		};
		F307B70223F34F8700FA264E /* Animation Triggers */ = {
			isa = PBXGroup;
			children = (
				F307B70423F34FAE00FA264E /* AnimationTriggers_Buttons.swift */,
				F307B70623F487EF00FA264E /* AnimationTriggersContainerView.swift */,
				F321F7E023F924D30059D5E9 /* AnimationTriggers_Toggles.swift */,
				F321F7DE23F91D900059D5E9 /* AnimationTriggers_Steppers.swift */,
				F321F77723F62A730059D5E9 /* AnimationTriggers_Sliders.swift */,
				F307B70C23F48E9300FA264E /* AnimationTriggers_SegmentedControls.swift */,
			);
			path = "Animation Triggers";
			sourceTree = "<group>";
		};
		F308BA9D23E8D97800CADEFE = {
			isa = PBXGroup;
			children = (
				F308BAA823E8D97800CADEFE /* SwiftUIAnimationsMastery */,
				F308BAA723E8D97800CADEFE /* Products */,
				F308BACC23E8E0B300CADEFE /* Frameworks */,
			);
			sourceTree = "<group>";
		};
		F308BAA723E8D97800CADEFE /* Products */ = {
			isa = PBXGroup;
			children = (
				F308BAA623E8D97800CADEFE /* SwiftUIAnimationsMastery.app */,
			);
			name = Products;
			sourceTree = "<group>";
		};
		F308BAA823E8D97800CADEFE /* SwiftUIAnimationsMastery */ = {
			isa = PBXGroup;
			children = (
				F308BAB723E8D97B00CADEFE /* Info.plist */,
				F308BABD23E8D98900CADEFE /* App */,
				F308BAB123E8D97B00CADEFE /* Preview Content */,
				F308BABE23E8D99300CADEFE /* Resources */,
				F308BAC023E8D99D00CADEFE /* Reusables */,
				F308BAC123E8D9A000CADEFE /* Scenes */,
			);
			path = SwiftUIAnimationsMastery;
			sourceTree = "<group>";
		};
		F308BAB123E8D97B00CADEFE /* Preview Content */ = {
			isa = PBXGroup;
			children = (
				F308BAB223E8D97B00CADEFE /* Preview Assets.xcassets */,
			);
			path = "Preview Content";
			sourceTree = "<group>";
		};
		F308BABD23E8D98900CADEFE /* App */ = {
			isa = PBXGroup;
			children = (
				F308BAA923E8D97800CADEFE /* AppDelegate.swift */,
				F308BAAB23E8D97800CADEFE /* SceneDelegate.swift */,
				F308BAC423E8DA1700CADEFE /* LaunchScreen.storyboard */,
			);
			path = App;
			sourceTree = "<group>";
		};
		F308BABE23E8D99300CADEFE /* Resources */ = {
			isa = PBXGroup;
			children = (
				F308BAAF23E8D97B00CADEFE /* Assets.xcassets */,
			);
			path = Resources;
			sourceTree = "<group>";
		};
		F308BAC023E8D99D00CADEFE /* Reusables */ = {
			isa = PBXGroup;
			children = (
				F308BACA23E8E05D00CADEFE /* Styles */,
				F308BAC723E8DA2900CADEFE /* Views */,
			);
			path = Reusables;
			sourceTree = "<group>";
		};
		F308BAC123E8D9A000CADEFE /* Scenes */ = {
			isa = PBXGroup;
			children = (
				F308BAC223E8D9FD00CADEFE /* RootView.swift */,
				F307B70223F34F8700FA264E /* Animation Triggers */,
				F3B6564623ECF44A00959505 /* Basic Animations */,
				F308BADA23E9A0E300CADEFE /* Getting Started */,
			);
			path = Scenes;
			sourceTree = "<group>";
		};
		F308BAC723E8DA2900CADEFE /* Views */ = {
			isa = PBXGroup;
			children = (
				F308BAD823E8E25700CADEFE /* BannerTextView.swift */,
			);
			path = Views;
			sourceTree = "<group>";
		};
		F308BACA23E8E05D00CADEFE /* Styles */ = {
			isa = PBXGroup;
			children = (
				F308BACF23E8E0DE00CADEFE /* Text */,
			);
			path = Styles;
			sourceTree = "<group>";
		};
		F308BACC23E8E0B300CADEFE /* Frameworks */ = {
			isa = PBXGroup;
			children = (
			);
			name = Frameworks;
			sourceTree = "<group>";
		};
		F308BACF23E8E0DE00CADEFE /* Text */ = {
			isa = PBXGroup;
			children = (
				F308BAD023E8E11000CADEFE /* TitleTextStyle.swift */,
				F308BAD223E8E15500CADEFE /* SubheadlineTextStyle.swift */,
				F308BAD623E8E1CA00CADEFE /* SubtitleTextStyle.swift */,
			);
			path = Text;
			sourceTree = "<group>";
		};
		F308BADA23E9A0E300CADEFE /* Getting Started */ = {
			isa = PBXGroup;
			children = (
				F3B6564123ECBB7B00959505 /* Challenges */,
				F308BADB23E9A1C300CADEFE /* GettingStarted_NoAnimationExample.swift */,
				F308BADD23E9AE5C00CADEFE /* GettingStarted_WithAnimationExample.swift */,
				F308BAE123E9E5EE00CADEFE /* GettingStarted_CurvesExample.swift */,
				F307B70A23F48C1100FA264E /* GettingStartedContainerView.swift */,
			);
			path = "Getting Started";
			sourceTree = "<group>";
		};
		F3B48BE623F03DAB0072FFA9 /* Exercise */ = {
			isa = PBXGroup;
			children = (
				F3B48BE723F03DB30072FFA9 /* BasicAnimations_AnimatablePropertiesExercise.swift */,
			);
			path = Exercise;
			sourceTree = "<group>";
		};
		F3B6564123ECBB7B00959505 /* Challenges */ = {
			isa = PBXGroup;
			children = (
				F3B6564223ECBC5900959505 /* GettingStarted_Challenge1.swift */,
				F3B6564423ECEB0900959505 /* GettingStarted_Challenge2.swift */,
			);
			path = Challenges;
			sourceTree = "<group>";
		};
		F3B6564623ECF44A00959505 /* Basic Animations */ = {
			isa = PBXGroup;
			children = (
				F307B6F923F313B600FA264E /* Challenge */,
				F307B6F423F2E18800FA264E /* Check Understanding */,
				F3B48BE623F03DAB0072FFA9 /* Exercise */,
				F3B6564923ECF70C00959505 /* Animatable Properties */,
				F307B70823F48B4B00FA264E /* BasicAnimationsContainerView.swift */,
			);
			path = "Basic Animations";
			sourceTree = "<group>";
		};
		F3B6564923ECF70C00959505 /* Animatable Properties */ = {
			isa = PBXGroup;
			children = (
				F3B6564723ECF45C00959505 /* BasicAnimations_AnimatableProperties_Color.swift */,
				F3B6564A23ED020E00959505 /* BasicAnimations_AnimatableProperties_HueRotation.swift */,
				F3B6564C23EE08E900959505 /* BasicAnimations_AnimatableProperties_Offset.swift */,
				F3B6565023EE885F00959505 /* BasicAnimations_AnimatableProperties_Alignment.swift */,
				F3B6565223EEC4FA00959505 /* BasicAnimations_AnimatableProperties_GeoemetryReaderPosition.swift */,
				F3B48BDE23EFA59E0072FFA9 /* BasicAnimations_AnimatableProperties_Frame.swift */,
				F3B48BD823EF94A00072FFA9 /* BasicAnimations_AnimatableProperties_Opacity.swift */,
				F3B48BDA23EF9EB30072FFA9 /* BasicAnimations_AnimatableProperties_RotationEffect.swift */,
				F3B48BDC23EFA3340072FFA9 /* BasicAnimations_AnimatableProperties_RotationEffectAnchors.swift */,
				F3B48BE023EFBC150072FFA9 /* BasicAnimations_AnimatableProperties_ScaleEffect.swift */,
				F3B48BE223F033140072FFA9 /* BasicAnimations_AnimatableProperties_TextResizing.swift */,
				F3B48BE423F038610072FFA9 /* BasicAnimations_AnimatableProperties_Trim.swift */,
			);
			path = "Animatable Properties";
			sourceTree = "<group>";
		};
/* End PBXGroup section */

/* Begin PBXNativeTarget section */
		F308BAA523E8D97800CADEFE /* SwiftUIAnimationsMastery */ = {
			isa = PBXNativeTarget;
			buildConfigurationList = F308BABA23E8D97B00CADEFE /* Build configuration list for PBXNativeTarget "SwiftUIAnimationsMastery" */;
			buildPhases = (
				F308BAA223E8D97800CADEFE /* Sources */,
				F308BAA323E8D97800CADEFE /* Frameworks */,
				F308BAA423E8D97800CADEFE /* Resources */,
			);
			buildRules = (
			);
			dependencies = (
			);
			name = SwiftUIAnimationsMastery;
			packageProductDependencies = (
				F308BACD23E8E0B300CADEFE /* CypherPoetSwiftUIKit */,
			);
			productName = SwiftUIAnimationsMastery;
			productReference = F308BAA623E8D97800CADEFE /* SwiftUIAnimationsMastery.app */;
			productType = "com.apple.product-type.application";
		};
/* End PBXNativeTarget section */

/* Begin PBXProject section */
		F308BA9E23E8D97800CADEFE /* Project object */ = {
			isa = PBXProject;
			attributes = {
				LastSwiftUpdateCheck = 1130;
				LastUpgradeCheck = 1130;
				ORGANIZATIONNAME = CypherPoet;
				TargetAttributes = {
					F308BAA523E8D97800CADEFE = {
						CreatedOnToolsVersion = 11.3.1;
					};
				};
			};
			buildConfigurationList = F308BAA123E8D97800CADEFE /* Build configuration list for PBXProject "SwiftUIAnimationsMastery" */;
			compatibilityVersion = "Xcode 9.3";
			developmentRegion = en;
			hasScannedForEncodings = 0;
			knownRegions = (
				en,
				Base,
			);
			mainGroup = F308BA9D23E8D97800CADEFE;
			packageReferences = (
				F308BACB23E8E0A900CADEFE /* XCRemoteSwiftPackageReference "CypherPoetSwiftUIKit" */,
			);
			productRefGroup = F308BAA723E8D97800CADEFE /* Products */;
			projectDirPath = "";
			projectRoot = "";
			targets = (
				F308BAA523E8D97800CADEFE /* SwiftUIAnimationsMastery */,
			);
		};
/* End PBXProject section */

/* Begin PBXResourcesBuildPhase section */
		F308BAA423E8D97800CADEFE /* Resources */ = {
			isa = PBXResourcesBuildPhase;
			buildActionMask = 2147483647;
			files = (
				F308BAC623E8DA1800CADEFE /* LaunchScreen.storyboard in Resources */,
				F308BAB323E8D97B00CADEFE /* Preview Assets.xcassets in Resources */,
				F308BAB023E8D97B00CADEFE /* Assets.xcassets in Resources */,
			);
			runOnlyForDeploymentPostprocessing = 0;
		};
/* End PBXResourcesBuildPhase section */

/* Begin PBXSourcesBuildPhase section */
		F308BAA223E8D97800CADEFE /* Sources */ = {
			isa = PBXSourcesBuildPhase;
			buildActionMask = 2147483647;
			files = (
				F307B6FF23F31FC400FA264E /* BasicAnimations_Challenge2.swift in Sources */,
				F3B48BDD23EFA3340072FFA9 /* BasicAnimations_AnimatableProperties_RotationEffectAnchors.swift in Sources */,
				F307B70723F487EF00FA264E /* AnimationTriggersContainerView.swift in Sources */,
				F3B48BDB23EF9EB30072FFA9 /* BasicAnimations_AnimatableProperties_RotationEffect.swift in Sources */,
				F308BADE23E9AE5C00CADEFE /* GettingStarted_WithAnimationExample.swift in Sources */,
				F308BAAA23E8D97800CADEFE /* AppDelegate.swift in Sources */,
				F321F7E123F924D30059D5E9 /* AnimationTriggers_Toggles.swift in Sources */,
				F3B48BE523F038610072FFA9 /* BasicAnimations_AnimatableProperties_Trim.swift in Sources */,
				F3B48BD923EF94A00072FFA9 /* BasicAnimations_AnimatableProperties_Opacity.swift in Sources */,
				F3B48BE823F03DB30072FFA9 /* BasicAnimations_AnimatablePropertiesExercise.swift in Sources */,
				F308BAD723E8E1CA00CADEFE /* SubtitleTextStyle.swift in Sources */,
				F3B6564B23ED020E00959505 /* BasicAnimations_AnimatableProperties_HueRotation.swift in Sources */,
				F307B6F623F2E1C700FA264E /* BasicAnimations_CheckUnderstanding1.swift in Sources */,
				F3B6565323EEC4FB00959505 /* BasicAnimations_AnimatableProperties_GeoemetryReaderPosition.swift in Sources */,
				F3B48BDF23EFA59E0072FFA9 /* BasicAnimations_AnimatableProperties_Frame.swift in Sources */,
				F3B6564523ECEB0900959505 /* GettingStarted_Challenge2.swift in Sources */,
				F308BAD923E8E25700CADEFE /* BannerTextView.swift in Sources */,
				F307B70523F34FAE00FA264E /* AnimationTriggers_Buttons.swift in Sources */,
				F308BAAC23E8D97800CADEFE /* SceneDelegate.swift in Sources */,
				F308BADC23E9A1C300CADEFE /* GettingStarted_NoAnimationExample.swift in Sources */,
				F308BAD423E8E15500CADEFE /* SubheadlineTextStyle.swift in Sources */,
				F3B6564D23EE08E900959505 /* BasicAnimations_AnimatableProperties_Offset.swift in Sources */,
				F307B70123F3203A00FA264E /* BasicAnimations_Challenge2+MenuView.swift in Sources */,
				F308BAE223E9E5EE00CADEFE /* GettingStarted_CurvesExample.swift in Sources */,
				F308BAD123E8E11000CADEFE /* TitleTextStyle.swift in Sources */,
				F3B6565123EE885F00959505 /* BasicAnimations_AnimatableProperties_Alignment.swift in Sources */,
				F321F77823F62A730059D5E9 /* AnimationTriggers_Sliders.swift in Sources */,
				F307B6FD23F314AD00FA264E /* BasicAnimations_Challenge1+LoginFormView.swift in Sources */,
				F307B70B23F48C1100FA264E /* GettingStartedContainerView.swift in Sources */,
				F3B48BE123EFBC150072FFA9 /* BasicAnimations_AnimatableProperties_ScaleEffect.swift in Sources */,
				F3B48BE323F033140072FFA9 /* BasicAnimations_AnimatableProperties_TextResizing.swift in Sources */,
				F3B6564823ECF45C00959505 /* BasicAnimations_AnimatableProperties_Color.swift in Sources */,
				F307B70D23F48E9300FA264E /* AnimationTriggers_SegmentedControls.swift in Sources */,
				F321F7DF23F91D910059D5E9 /* AnimationTriggers_Steppers.swift in Sources */,
				F308BAC323E8D9FD00CADEFE /* RootView.swift in Sources */,
				F307B70923F48B4B00FA264E /* BasicAnimationsContainerView.swift in Sources */,
				F307B6FB23F313C400FA264E /* BasicAnimations_Challenge1.swift in Sources */,
				F307B6F823F2E59300FA264E /* BasicAnimations_CheckUnderstanding2.swift in Sources */,
				F3B6564323ECBC5A00959505 /* GettingStarted_Challenge1.swift in Sources */,
			);
			runOnlyForDeploymentPostprocessing = 0;
		};
/* End PBXSourcesBuildPhase section */

/* Begin PBXVariantGroup section */
		F308BAC423E8DA1700CADEFE /* LaunchScreen.storyboard */ = {
			isa = PBXVariantGroup;
			children = (
				F308BAC523E8DA1800CADEFE /* Base */,
			);
			name = LaunchScreen.storyboard;
			sourceTree = "<group>";
		};
/* End PBXVariantGroup section */

/* Begin XCBuildConfiguration section */
		F308BAB823E8D97B00CADEFE /* Debug */ = {
			isa = XCBuildConfiguration;
			buildSettings = {
				ALWAYS_SEARCH_USER_PATHS = NO;
				CLANG_ANALYZER_NONNULL = YES;
				CLANG_ANALYZER_NUMBER_OBJECT_CONVERSION = YES_AGGRESSIVE;
				CLANG_CXX_LANGUAGE_STANDARD = "gnu++14";
				CLANG_CXX_LIBRARY = "libc++";
				CLANG_ENABLE_MODULES = YES;
				CLANG_ENABLE_OBJC_ARC = YES;
				CLANG_ENABLE_OBJC_WEAK = YES;
				CLANG_WARN_BLOCK_CAPTURE_AUTORELEASING = YES;
				CLANG_WARN_BOOL_CONVERSION = YES;
				CLANG_WARN_COMMA = YES;
				CLANG_WARN_CONSTANT_CONVERSION = YES;
				CLANG_WARN_DEPRECATED_OBJC_IMPLEMENTATIONS = YES;
				CLANG_WARN_DIRECT_OBJC_ISA_USAGE = YES_ERROR;
				CLANG_WARN_DOCUMENTATION_COMMENTS = YES;
				CLANG_WARN_EMPTY_BODY = YES;
				CLANG_WARN_ENUM_CONVERSION = YES;
				CLANG_WARN_INFINITE_RECURSION = YES;
				CLANG_WARN_INT_CONVERSION = YES;
				CLANG_WARN_NON_LITERAL_NULL_CONVERSION = YES;
				CLANG_WARN_OBJC_IMPLICIT_RETAIN_SELF = YES;
				CLANG_WARN_OBJC_LITERAL_CONVERSION = YES;
				CLANG_WARN_OBJC_ROOT_CLASS = YES_ERROR;
				CLANG_WARN_RANGE_LOOP_ANALYSIS = YES;
				CLANG_WARN_STRICT_PROTOTYPES = YES;
				CLANG_WARN_SUSPICIOUS_MOVE = YES;
				CLANG_WARN_UNGUARDED_AVAILABILITY = YES_AGGRESSIVE;
				CLANG_WARN_UNREACHABLE_CODE = YES;
				CLANG_WARN__DUPLICATE_METHOD_MATCH = YES;
				COPY_PHASE_STRIP = NO;
				DEBUG_INFORMATION_FORMAT = dwarf;
				ENABLE_STRICT_OBJC_MSGSEND = YES;
				ENABLE_TESTABILITY = YES;
				GCC_C_LANGUAGE_STANDARD = gnu11;
				GCC_DYNAMIC_NO_PIC = NO;
				GCC_NO_COMMON_BLOCKS = YES;
				GCC_OPTIMIZATION_LEVEL = 0;
				GCC_PREPROCESSOR_DEFINITIONS = (
					"DEBUG=1",
					"$(inherited)",
				);
				GCC_WARN_64_TO_32_BIT_CONVERSION = YES;
				GCC_WARN_ABOUT_RETURN_TYPE = YES_ERROR;
				GCC_WARN_UNDECLARED_SELECTOR = YES;
				GCC_WARN_UNINITIALIZED_AUTOS = YES_AGGRESSIVE;
				GCC_WARN_UNUSED_FUNCTION = YES;
				GCC_WARN_UNUSED_VARIABLE = YES;
				IPHONEOS_DEPLOYMENT_TARGET = 13.2;
				MTL_ENABLE_DEBUG_INFO = INCLUDE_SOURCE;
				MTL_FAST_MATH = YES;
				ONLY_ACTIVE_ARCH = YES;
				SDKROOT = iphoneos;
				SWIFT_ACTIVE_COMPILATION_CONDITIONS = DEBUG;
				SWIFT_OPTIMIZATION_LEVEL = "-Onone";
			};
			name = Debug;
		};
		F308BAB923E8D97B00CADEFE /* Release */ = {
			isa = XCBuildConfiguration;
			buildSettings = {
				ALWAYS_SEARCH_USER_PATHS = NO;
				CLANG_ANALYZER_NONNULL = YES;
				CLANG_ANALYZER_NUMBER_OBJECT_CONVERSION = YES_AGGRESSIVE;
				CLANG_CXX_LANGUAGE_STANDARD = "gnu++14";
				CLANG_CXX_LIBRARY = "libc++";
				CLANG_ENABLE_MODULES = YES;
				CLANG_ENABLE_OBJC_ARC = YES;
				CLANG_ENABLE_OBJC_WEAK = YES;
				CLANG_WARN_BLOCK_CAPTURE_AUTORELEASING = YES;
				CLANG_WARN_BOOL_CONVERSION = YES;
				CLANG_WARN_COMMA = YES;
				CLANG_WARN_CONSTANT_CONVERSION = YES;
				CLANG_WARN_DEPRECATED_OBJC_IMPLEMENTATIONS = YES;
				CLANG_WARN_DIRECT_OBJC_ISA_USAGE = YES_ERROR;
				CLANG_WARN_DOCUMENTATION_COMMENTS = YES;
				CLANG_WARN_EMPTY_BODY = YES;
				CLANG_WARN_ENUM_CONVERSION = YES;
				CLANG_WARN_INFINITE_RECURSION = YES;
				CLANG_WARN_INT_CONVERSION = YES;
				CLANG_WARN_NON_LITERAL_NULL_CONVERSION = YES;
				CLANG_WARN_OBJC_IMPLICIT_RETAIN_SELF = YES;
				CLANG_WARN_OBJC_LITERAL_CONVERSION = YES;
				CLANG_WARN_OBJC_ROOT_CLASS = YES_ERROR;
				CLANG_WARN_RANGE_LOOP_ANALYSIS = YES;
				CLANG_WARN_STRICT_PROTOTYPES = YES;
				CLANG_WARN_SUSPICIOUS_MOVE = YES;
				CLANG_WARN_UNGUARDED_AVAILABILITY = YES_AGGRESSIVE;
				CLANG_WARN_UNREACHABLE_CODE = YES;
				CLANG_WARN__DUPLICATE_METHOD_MATCH = YES;
				COPY_PHASE_STRIP = NO;
				DEBUG_INFORMATION_FORMAT = "dwarf-with-dsym";
				ENABLE_NS_ASSERTIONS = NO;
				ENABLE_STRICT_OBJC_MSGSEND = YES;
				GCC_C_LANGUAGE_STANDARD = gnu11;
				GCC_NO_COMMON_BLOCKS = YES;
				GCC_WARN_64_TO_32_BIT_CONVERSION = YES;
				GCC_WARN_ABOUT_RETURN_TYPE = YES_ERROR;
				GCC_WARN_UNDECLARED_SELECTOR = YES;
				GCC_WARN_UNINITIALIZED_AUTOS = YES_AGGRESSIVE;
				GCC_WARN_UNUSED_FUNCTION = YES;
				GCC_WARN_UNUSED_VARIABLE = YES;
				IPHONEOS_DEPLOYMENT_TARGET = 13.2;
				MTL_ENABLE_DEBUG_INFO = NO;
				MTL_FAST_MATH = YES;
				SDKROOT = iphoneos;
				SWIFT_COMPILATION_MODE = wholemodule;
				SWIFT_OPTIMIZATION_LEVEL = "-O";
				VALIDATE_PRODUCT = YES;
			};
			name = Release;
		};
		F308BABB23E8D97B00CADEFE /* Debug */ = {
			isa = XCBuildConfiguration;
			buildSettings = {
				ASSETCATALOG_COMPILER_APPICON_NAME = AppIcon;
				CODE_SIGN_STYLE = Automatic;
				DEVELOPMENT_ASSET_PATHS = "\"SwiftUIAnimationsMastery/Preview Content\"";
				DEVELOPMENT_TEAM = QRXXH2RKAG;
				ENABLE_PREVIEWS = YES;
				INFOPLIST_FILE = SwiftUIAnimationsMastery/Info.plist;
				LD_RUNPATH_SEARCH_PATHS = (
					"$(inherited)",
					"@executable_path/Frameworks",
				);
				PRODUCT_BUNDLE_IDENTIFIER = io.github.cypherpoet.SwiftUIAnimationsMastery;
				PRODUCT_NAME = "$(TARGET_NAME)";
				SWIFT_VERSION = 5.0;
				TARGETED_DEVICE_FAMILY = "1,2";
			};
			name = Debug;
		};
		F308BABC23E8D97B00CADEFE /* Release */ = {
			isa = XCBuildConfiguration;
			buildSettings = {
				ASSETCATALOG_COMPILER_APPICON_NAME = AppIcon;
				CODE_SIGN_STYLE = Automatic;
				DEVELOPMENT_ASSET_PATHS = "\"SwiftUIAnimationsMastery/Preview Content\"";
				DEVELOPMENT_TEAM = QRXXH2RKAG;
				ENABLE_PREVIEWS = YES;
				INFOPLIST_FILE = SwiftUIAnimationsMastery/Info.plist;
				LD_RUNPATH_SEARCH_PATHS = (
					"$(inherited)",
					"@executable_path/Frameworks",
				);
				PRODUCT_BUNDLE_IDENTIFIER = io.github.cypherpoet.SwiftUIAnimationsMastery;
				PRODUCT_NAME = "$(TARGET_NAME)";
				SWIFT_VERSION = 5.0;
				TARGETED_DEVICE_FAMILY = "1,2";
			};
			name = Release;
		};
/* End XCBuildConfiguration section */

/* Begin XCConfigurationList section */
		F308BAA123E8D97800CADEFE /* Build configuration list for PBXProject "SwiftUIAnimationsMastery" */ = {
			isa = XCConfigurationList;
			buildConfigurations = (
				F308BAB823E8D97B00CADEFE /* Debug */,
				F308BAB923E8D97B00CADEFE /* Release */,
			);
			defaultConfigurationIsVisible = 0;
			defaultConfigurationName = Release;
		};
		F308BABA23E8D97B00CADEFE /* Build configuration list for PBXNativeTarget "SwiftUIAnimationsMastery" */ = {
			isa = XCConfigurationList;
			buildConfigurations = (
				F308BABB23E8D97B00CADEFE /* Debug */,
				F308BABC23E8D97B00CADEFE /* Release */,
			);
			defaultConfigurationIsVisible = 0;
			defaultConfigurationName = Release;
		};
/* End XCConfigurationList section */

/* Begin XCRemoteSwiftPackageReference section */
		F308BACB23E8E0A900CADEFE /* XCRemoteSwiftPackageReference "CypherPoetSwiftUIKit" */ = {
			isa = XCRemoteSwiftPackageReference;
			repositoryURL = "https://github.com/CypherPoet/CypherPoetSwiftUIKit.git";
			requirement = {
				kind = upToNextMajorVersion;
				minimumVersion = 0.0.36;
			};
		};
/* End XCRemoteSwiftPackageReference section */

/* Begin XCSwiftPackageProductDependency section */
		F308BACD23E8E0B300CADEFE /* CypherPoetSwiftUIKit */ = {
			isa = XCSwiftPackageProductDependency;
			package = F308BACB23E8E0A900CADEFE /* XCRemoteSwiftPackageReference "CypherPoetSwiftUIKit" */;
			productName = CypherPoetSwiftUIKit;
		};
/* End XCSwiftPackageProductDependency section */
	};
	rootObject = F308BA9E23E8D97800CADEFE /* Project object */;
}
